// !$*UTF8*$!
{
	archiveVersion = 1;
	classes = {
	};
	objectVersion = 51;
	objects = {

/* Begin PBXBuildFile section */
		040F8DD123823B9700834F41 /* MSAlbumFolderTableView.swift in Sources */ = {isa = PBXBuildFile; fileRef = 040F8DD023823B9700834F41 /* MSAlbumFolderTableView.swift */; };
		040F8DD323823BA700834F41 /* MSAlbumFolderTableViewCell.swift in Sources */ = {isa = PBXBuildFile; fileRef = 040F8DD223823BA700834F41 /* MSAlbumFolderTableViewCell.swift */; };
		041C3951237BAB53007FA74A /* HBSBaseConstHeader.swift in Sources */ = {isa = PBXBuildFile; fileRef = 041C3922237BAB53007FA74A /* HBSBaseConstHeader.swift */; };
		041C3952237BAB53007FA74A /* HBSDevice.swift in Sources */ = {isa = PBXBuildFile; fileRef = 041C3923237BAB53007FA74A /* HBSDevice.swift */; };
		041C3953237BAB53007FA74A /* HBSMethodHeader.swift in Sources */ = {isa = PBXBuildFile; fileRef = 041C3924237BAB53007FA74A /* HBSMethodHeader.swift */; };
		041C3954237BAB53007FA74A /* HBSHeadFileHeader.swift in Sources */ = {isa = PBXBuildFile; fileRef = 041C3925237BAB53007FA74A /* HBSHeadFileHeader.swift */; };
		041C3955237BAB53007FA74A /* HBSProgressHUD.swift in Sources */ = {isa = PBXBuildFile; fileRef = 041C3927237BAB53007FA74A /* HBSProgressHUD.swift */; };
		041C3959237BAB53007FA74A /* HBSTableViewExtension.swift in Sources */ = {isa = PBXBuildFile; fileRef = 041C392D237BAB53007FA74A /* HBSTableViewExtension.swift */; };
		041C395A237BAB53007FA74A /* HBSFontExtension.swift in Sources */ = {isa = PBXBuildFile; fileRef = 041C392E237BAB53007FA74A /* HBSFontExtension.swift */; };
		041C395B237BAB53007FA74A /* HBSViewExtension.swift in Sources */ = {isa = PBXBuildFile; fileRef = 041C392F237BAB53007FA74A /* HBSViewExtension.swift */; };
		041C395C237BAB53007FA74A /* HBSColorExtension.swift in Sources */ = {isa = PBXBuildFile; fileRef = 041C3930237BAB53007FA74A /* HBSColorExtension.swift */; };
		041C395D237BAB53007FA74A /* HBSNetworkError.swift in Sources */ = {isa = PBXBuildFile; fileRef = 041C3932237BAB53007FA74A /* HBSNetworkError.swift */; };
		041C395E237BAB53007FA74A /* HBSNetworkManager.swift in Sources */ = {isa = PBXBuildFile; fileRef = 041C3933237BAB53007FA74A /* HBSNetworkManager.swift */; };
		041C3960237BAB53007FA74A /* HBSBaseModel.swift in Sources */ = {isa = PBXBuildFile; fileRef = 041C3936237BAB53007FA74A /* HBSBaseModel.swift */; };
		041C3961237BAB53007FA74A /* HBSArchiveManager.swift in Sources */ = {isa = PBXBuildFile; fileRef = 041C3937237BAB53007FA74A /* HBSArchiveManager.swift */; };
		041C3962237BAB53007FA74A /* HBSViewEventObject.swift in Sources */ = {isa = PBXBuildFile; fileRef = 041C393A237BAB53007FA74A /* HBSViewEventObject.swift */; };
		041C3963237BAB53007FA74A /* HBSBaseBannerView.swift in Sources */ = {isa = PBXBuildFile; fileRef = 041C393C237BAB53007FA74A /* HBSBaseBannerView.swift */; };
		041C3966237BAB53007FA74A /* HBSBaseCollectionViewCell.swift in Sources */ = {isa = PBXBuildFile; fileRef = 041C3941237BAB53007FA74A /* HBSBaseCollectionViewCell.swift */; };
		041C3967237BAB53007FA74A /* HBSBaseCollectionView.swift in Sources */ = {isa = PBXBuildFile; fileRef = 041C3942237BAB53007FA74A /* HBSBaseCollectionView.swift */; };
		041C3968237BAB53007FA74A /* error_icon@3x.png in Resources */ = {isa = PBXBuildFile; fileRef = 041C3944237BAB53007FA74A /* error_icon@3x.png */; };
		041C3969237BAB53007FA74A /* error_icon@2x.png in Resources */ = {isa = PBXBuildFile; fileRef = 041C3945237BAB53007FA74A /* error_icon@2x.png */; };
		041C396A237BAB53007FA74A /* noData_icon@3x.png in Resources */ = {isa = PBXBuildFile; fileRef = 041C3946237BAB53007FA74A /* noData_icon@3x.png */; };
		041C396B237BAB53007FA74A /* noNetwork_icon@3x.png in Resources */ = {isa = PBXBuildFile; fileRef = 041C3947237BAB53007FA74A /* noNetwork_icon@3x.png */; };
		041C396C237BAB53007FA74A /* noNetwork_icon@2x.png in Resources */ = {isa = PBXBuildFile; fileRef = 041C3948237BAB53007FA74A /* noNetwork_icon@2x.png */; };
		041C396D237BAB53007FA74A /* noData_icon@2x.png in Resources */ = {isa = PBXBuildFile; fileRef = 041C3949237BAB53007FA74A /* noData_icon@2x.png */; };
		041C396E237BAB53007FA74A /* HBSBaseTableView.swift in Sources */ = {isa = PBXBuildFile; fileRef = 041C394B237BAB53007FA74A /* HBSBaseTableView.swift */; };
		041C396F237BAB53007FA74A /* HBSBaseTableViewCell.swift in Sources */ = {isa = PBXBuildFile; fileRef = 041C394C237BAB53007FA74A /* HBSBaseTableViewCell.swift */; };
		041C3970237BAB53007FA74A /* HBSBaseViewExtension.swift in Sources */ = {isa = PBXBuildFile; fileRef = 041C394E237BAB53007FA74A /* HBSBaseViewExtension.swift */; };
		041C3971237BAB53007FA74A /* HBSBaseTipsView.swift in Sources */ = {isa = PBXBuildFile; fileRef = 041C394F237BAB53007FA74A /* HBSBaseTipsView.swift */; };
		041C3972237BAB53007FA74A /* HBSBaseView.swift in Sources */ = {isa = PBXBuildFile; fileRef = 041C3950237BAB53007FA74A /* HBSBaseView.swift */; };
		041C3975237BAC8A007FA74A /* RentViewController.swift in Sources */ = {isa = PBXBuildFile; fileRef = 041C3974237BAC8A007FA74A /* RentViewController.swift */; };
		041C3979237BACBB007FA74A /* MSRentListTableView.swift in Sources */ = {isa = PBXBuildFile; fileRef = 041C3978237BACBB007FA74A /* MSRentListTableView.swift */; };
		041C397B237BACC9007FA74A /* MSRentListCell.swift in Sources */ = {isa = PBXBuildFile; fileRef = 041C397A237BACC9007FA74A /* MSRentListCell.swift */; };
		041C397D237BACDC007FA74A /* MSRentListModel.swift in Sources */ = {isa = PBXBuildFile; fileRef = 041C397C237BACDC007FA74A /* MSRentListModel.swift */; };
		041C397F237BD8A7007FA74A /* MSRentListOptionView.swift in Sources */ = {isa = PBXBuildFile; fileRef = 041C397E237BD8A7007FA74A /* MSRentListOptionView.swift */; };
		041C3983237BE64C007FA74A /* MSRentDetailViewController.swift in Sources */ = {isa = PBXBuildFile; fileRef = 041C3982237BE64C007FA74A /* MSRentDetailViewController.swift */; };
		041C3985237BE658007FA74A /* MSChoiceCityViewController.swift in Sources */ = {isa = PBXBuildFile; fileRef = 041C3984237BE658007FA74A /* MSChoiceCityViewController.swift */; };
		041C398C237BF265007FA74A /* MSDemandListModel.swift in Sources */ = {isa = PBXBuildFile; fileRef = 041C398B237BF265007FA74A /* MSDemandListModel.swift */; };
		041C398E237BF27A007FA74A /* MSDemandListTableView.swift in Sources */ = {isa = PBXBuildFile; fileRef = 041C398D237BF27A007FA74A /* MSDemandListTableView.swift */; };
		041C3990237BF28A007FA74A /* MSDemandListCell.swift in Sources */ = {isa = PBXBuildFile; fileRef = 041C398F237BF28A007FA74A /* MSDemandListCell.swift */; };
		041C3992237BF2CF007FA74A /* MSDemandViewController.swift in Sources */ = {isa = PBXBuildFile; fileRef = 041C3991237BF2CF007FA74A /* MSDemandViewController.swift */; };
		041C3994237BF2F6007FA74A /* MSDemandListOptionView.swift in Sources */ = {isa = PBXBuildFile; fileRef = 041C3993237BF2F6007FA74A /* MSDemandListOptionView.swift */; };
		04642C792383FC6C005131D7 /* MSPublishFileCollectionView.swift in Sources */ = {isa = PBXBuildFile; fileRef = 04642C782383FC6C005131D7 /* MSPublishFileCollectionView.swift */; };
		04642C7B2383FC81005131D7 /* MSPublishFileCollectionViewCell.swift in Sources */ = {isa = PBXBuildFile; fileRef = 04642C7A2383FC80005131D7 /* MSPublishFileCollectionViewCell.swift */; };
		04642C7D2383FC94005131D7 /* MSPublishAddFileCollectionViewCell.swift in Sources */ = {isa = PBXBuildFile; fileRef = 04642C7C2383FC94005131D7 /* MSPublishAddFileCollectionViewCell.swift */; };
		04642C8023862F09005131D7 /* MSPublishRentDemandViewController.swift in Sources */ = {isa = PBXBuildFile; fileRef = 04642C7F23862F09005131D7 /* MSPublishRentDemandViewController.swift */; };
		049034BC237CEF5800D1DF65 /* TravelViewController.swift in Sources */ = {isa = PBXBuildFile; fileRef = 049034BB237CEF5800D1DF65 /* TravelViewController.swift */; };
		049034BE237CEF9400D1DF65 /* MSTravelListTableView.swift in Sources */ = {isa = PBXBuildFile; fileRef = 049034BD237CEF9400D1DF65 /* MSTravelListTableView.swift */; };
		049034C0237CEFA300D1DF65 /* MSTravelListCell.swift in Sources */ = {isa = PBXBuildFile; fileRef = 049034BF237CEFA300D1DF65 /* MSTravelListCell.swift */; };
		049034C2237CEFB900D1DF65 /* MSTranvelOptionView.swift in Sources */ = {isa = PBXBuildFile; fileRef = 049034C1237CEFB900D1DF65 /* MSTranvelOptionView.swift */; };
		049034C4237CEFCB00D1DF65 /* MSTravelListModel.swift in Sources */ = {isa = PBXBuildFile; fileRef = 049034C3237CEFCB00D1DF65 /* MSTravelListModel.swift */; };
		049034C7237D079D00D1DF65 /* MSPublishTravelViewController.swift in Sources */ = {isa = PBXBuildFile; fileRef = 049034C6237D079D00D1DF65 /* MSPublishTravelViewController.swift */; };
		049034CB237D2E5D00D1DF65 /* MSPublishTravelBaseModel.swift in Sources */ = {isa = PBXBuildFile; fileRef = 049034CA237D2E5D00D1DF65 /* MSPublishTravelBaseModel.swift */; };
		049034CD237D2EA700D1DF65 /* MSPublishTravelClickModel.swift in Sources */ = {isa = PBXBuildFile; fileRef = 049034CC237D2EA700D1DF65 /* MSPublishTravelClickModel.swift */; };
		049034CF237D2EDD00D1DF65 /* MSPublishTravelTextViewModel.swift in Sources */ = {isa = PBXBuildFile; fileRef = 049034CE237D2EDD00D1DF65 /* MSPublishTravelTextViewModel.swift */; };
		049034D1237D2EF300D1DF65 /* MSPublishTravelTextFieldModel.swift in Sources */ = {isa = PBXBuildFile; fileRef = 049034D0237D2EF300D1DF65 /* MSPublishTravelTextFieldModel.swift */; };
		049034D3237D2F1C00D1DF65 /* MSPublishTravelFilesModel.swift in Sources */ = {isa = PBXBuildFile; fileRef = 049034D2237D2F1C00D1DF65 /* MSPublishTravelFilesModel.swift */; };
		049034D5237D312200D1DF65 /* MSPublisthTravelTableView.swift in Sources */ = {isa = PBXBuildFile; fileRef = 049034D4237D312200D1DF65 /* MSPublisthTravelTableView.swift */; };
		049034D7237D313400D1DF65 /* MSPublishTravelClickCell.swift in Sources */ = {isa = PBXBuildFile; fileRef = 049034D6237D313400D1DF65 /* MSPublishTravelClickCell.swift */; };
		049034D9237D315D00D1DF65 /* MSPublishTravelBaseCell.swift in Sources */ = {isa = PBXBuildFile; fileRef = 049034D8237D315D00D1DF65 /* MSPublishTravelBaseCell.swift */; };
		049034DB237D316B00D1DF65 /* MSPublishTravelTextViewCell.swift in Sources */ = {isa = PBXBuildFile; fileRef = 049034DA237D316B00D1DF65 /* MSPublishTravelTextViewCell.swift */; };
		049034DD237D318100D1DF65 /* MSPublishTravelTextFieldCell.swift in Sources */ = {isa = PBXBuildFile; fileRef = 049034DC237D318100D1DF65 /* MSPublishTravelTextFieldCell.swift */; };
		049034DF237D319000D1DF65 /* MSPublishTravelFilesCell.swift in Sources */ = {isa = PBXBuildFile; fileRef = 049034DE237D319000D1DF65 /* MSPublishTravelFilesCell.swift */; };
		049034E1237D4DC300D1DF65 /* UITextFieldExtension.swift in Sources */ = {isa = PBXBuildFile; fileRef = 049034E0237D4DC300D1DF65 /* UITextFieldExtension.swift */; };
		049034E4237D56BE00D1DF65 /* MSChoiceDateViewController.swift in Sources */ = {isa = PBXBuildFile; fileRef = 049034E3237D56BE00D1DF65 /* MSChoiceDateViewController.swift */; };
		049034E6237D586300D1DF65 /* MSChoiceDateView.swift in Sources */ = {isa = PBXBuildFile; fileRef = 049034E5237D586300D1DF65 /* MSChoiceDateView.swift */; };
		049034E9237D6FDC00D1DF65 /* MSResourceManagerViewController.swift in Sources */ = {isa = PBXBuildFile; fileRef = 049034E8237D6FDC00D1DF65 /* MSResourceManagerViewController.swift */; };
		049034F6237D759D00D1DF65 /* HLPageResultView.swift in Sources */ = {isa = PBXBuildFile; fileRef = 049034F4237D759D00D1DF65 /* HLPageResultView.swift */; };
		049034F7237D759D00D1DF65 /* HLPageView.swift in Sources */ = {isa = PBXBuildFile; fileRef = 049034F5237D759D00D1DF65 /* HLPageView.swift */; };
		049034FA237E474A00D1DF65 /* MSAlbumCollectionView.swift in Sources */ = {isa = PBXBuildFile; fileRef = 049034F9237E474A00D1DF65 /* MSAlbumCollectionView.swift */; };
		049034FC237E475500D1DF65 /* MSAlbumCollectionViewCell.swift in Sources */ = {isa = PBXBuildFile; fileRef = 049034FB237E475500D1DF65 /* MSAlbumCollectionViewCell.swift */; };
		049034FF237E49C300D1DF65 /* MSAlbumDataManager.swift in Sources */ = {isa = PBXBuildFile; fileRef = 049034FE237E49C300D1DF65 /* MSAlbumDataManager.swift */; };
		04903502237E89F900D1DF65 /* MSPHAsset.swift in Sources */ = {isa = PBXBuildFile; fileRef = 04903501237E89F800D1DF65 /* MSPHAsset.swift */; };
		04903504237EB10400D1DF65 /* MSAlbumFolderView.swift in Sources */ = {isa = PBXBuildFile; fileRef = 04903503237EB10400D1DF65 /* MSAlbumFolderView.swift */; };
		04B85C9923824E66008E8BF9 /* ShareViewController.swift in Sources */ = {isa = PBXBuildFile; fileRef = 04B85C9823824E66008E8BF9 /* ShareViewController.swift */; };
		04B85C9B23824E87008E8BF9 /* MSMapView.swift in Sources */ = {isa = PBXBuildFile; fileRef = 04B85C9A23824E87008E8BF9 /* MSMapView.swift */; };
		947506F1842C6E97CF08E5F3 /* Pods_MotoShare.framework in Frameworks */ = {isa = PBXBuildFile; fileRef = 1A3051476B1329CCA0ED583C /* Pods_MotoShare.framework */; };
		CB2C72BD237B111B00FEC788 /* MSQueryViewController.swift in Sources */ = {isa = PBXBuildFile; fileRef = CB2C72BC237B111B00FEC788 /* MSQueryViewController.swift */; };
		D72711862382AA0600051A1B /* ManagerPhone.swift in Sources */ = {isa = PBXBuildFile; fileRef = D72711842382AA0500051A1B /* ManagerPhone.swift */; };
		D72711872382AA0600051A1B /* ManagerNunberTableViewCell.swift in Sources */ = {isa = PBXBuildFile; fileRef = D72711852382AA0600051A1B /* ManagerNunberTableViewCell.swift */; };
		D72711892382AB8400051A1B /* MoneyViewController.swift in Sources */ = {isa = PBXBuildFile; fileRef = D72711882382AB8400051A1B /* MoneyViewController.swift */; };
		D727118B2382B0E300051A1B /* MoneyMainTableViewCell.swift in Sources */ = {isa = PBXBuildFile; fileRef = D727118A2382B0E300051A1B /* MoneyMainTableViewCell.swift */; };
		D727118D23838B0700051A1B /* BalanceView.swift in Sources */ = {isa = PBXBuildFile; fileRef = D727118C23838B0700051A1B /* BalanceView.swift */; };
		D727118F2383A19700051A1B /* GetMoneyViewController.swift in Sources */ = {isa = PBXBuildFile; fileRef = D727118E2383A19700051A1B /* GetMoneyViewController.swift */; };
		D73465512386644400798807 /* LoginPhoneView.swift in Sources */ = {isa = PBXBuildFile; fileRef = D73465502386644400798807 /* LoginPhoneView.swift */; };
		D734655423866B0000798807 /* LoginCodeView.swift in Sources */ = {isa = PBXBuildFile; fileRef = D734655323866B0000798807 /* LoginCodeView.swift */; };
		D77854F4238628B700DEB6DE /* LoginViewExtension.swift in Sources */ = {isa = PBXBuildFile; fileRef = D77854F3238628B700DEB6DE /* LoginViewExtension.swift */; };
		D7AF4CE42367D84B009957D4 /* AppDelegate.swift in Sources */ = {isa = PBXBuildFile; fileRef = D7AF4CE32367D84B009957D4 /* AppDelegate.swift */; };
		D7AF4CED2367D84D009957D4 /* Assets.xcassets in Resources */ = {isa = PBXBuildFile; fileRef = D7AF4CEC2367D84D009957D4 /* Assets.xcassets */; };
		D7AF4D012367D91B009957D4 /* HomeViewController.swift in Sources */ = {isa = PBXBuildFile; fileRef = D7AF4D002367D91B009957D4 /* HomeViewController.swift */; };
		D7AF4D092367D94A009957D4 /* MeViewController.swift in Sources */ = {isa = PBXBuildFile; fileRef = D7AF4D082367D94A009957D4 /* MeViewController.swift */; };
		D7AF4D0C2367D981009957D4 /* LaunchScreen.storyboard in Resources */ = {isa = PBXBuildFile; fileRef = D7AF4D0B2367D981009957D4 /* LaunchScreen.storyboard */; };
		D7AF4D2C2367D9D7009957D4 /* BaseTabBarController.swift in Sources */ = {isa = PBXBuildFile; fileRef = D7AF4D142367D9D7009957D4 /* BaseTabBarController.swift */; };
		D7AF4D2D2367D9D7009957D4 /* BaseViewController.swift in Sources */ = {isa = PBXBuildFile; fileRef = D7AF4D152367D9D7009957D4 /* BaseViewController.swift */; };
		D7AF4D2E2367D9D7009957D4 /* BaseTableView.swift in Sources */ = {isa = PBXBuildFile; fileRef = D7AF4D162367D9D7009957D4 /* BaseTableView.swift */; };
		D7AF4D2F2367D9D7009957D4 /* BaseNavigationController.swift in Sources */ = {isa = PBXBuildFile; fileRef = D7AF4D172367D9D7009957D4 /* BaseNavigationController.swift */; };
		D7AF4D302367D9D7009957D4 /* BaseView.swift in Sources */ = {isa = PBXBuildFile; fileRef = D7AF4D182367D9D7009957D4 /* BaseView.swift */; };
		D7AF4D312367D9D7009957D4 /* UrlExtention.swift in Sources */ = {isa = PBXBuildFile; fileRef = D7AF4D1A2367D9D7009957D4 /* UrlExtention.swift */; };
		D7AF4D322367D9D7009957D4 /* UIViewIndicatorView.swift in Sources */ = {isa = PBXBuildFile; fileRef = D7AF4D1B2367D9D7009957D4 /* UIViewIndicatorView.swift */; };
		D7AF4D332367D9D7009957D4 /* UIColorDarkMode.swift in Sources */ = {isa = PBXBuildFile; fileRef = D7AF4D1C2367D9D7009957D4 /* UIColorDarkMode.swift */; };
		D7AF4D342367D9D7009957D4 /* GLAppInfo.swift in Sources */ = {isa = PBXBuildFile; fileRef = D7AF4D1D2367D9D7009957D4 /* GLAppInfo.swift */; };
		D7AF4D352367D9D7009957D4 /* UIViewControllerExtension.swift in Sources */ = {isa = PBXBuildFile; fileRef = D7AF4D1E2367D9D7009957D4 /* UIViewControllerExtension.swift */; };
		D7AF4D362367D9D7009957D4 /* ClassName.swift in Sources */ = {isa = PBXBuildFile; fileRef = D7AF4D1F2367D9D7009957D4 /* ClassName.swift */; };
		D7AF4D372367D9D7009957D4 /* StringExtension.swift in Sources */ = {isa = PBXBuildFile; fileRef = D7AF4D202367D9D7009957D4 /* StringExtension.swift */; };
		D7AF4D382367D9D7009957D4 /* TabbarBadge.swift in Sources */ = {isa = PBXBuildFile; fileRef = D7AF4D212367D9D7009957D4 /* TabbarBadge.swift */; };
		D7AF4D392367D9D7009957D4 /* UIViewHUDExtension.swift in Sources */ = {isa = PBXBuildFile; fileRef = D7AF4D222367D9D7009957D4 /* UIViewHUDExtension.swift */; };
		D7AF4D3A2367D9D7009957D4 /* Constants.swift in Sources */ = {isa = PBXBuildFile; fileRef = D7AF4D242367D9D7009957D4 /* Constants.swift */; };
		D7AF4D3B2367D9D7009957D4 /* ConfigMacro.swift in Sources */ = {isa = PBXBuildFile; fileRef = D7AF4D252367D9D7009957D4 /* ConfigMacro.swift */; };
		D7AF4D3C2367D9D7009957D4 /* Header.swift in Sources */ = {isa = PBXBuildFile; fileRef = D7AF4D262367D9D7009957D4 /* Header.swift */; };
		D7AF4D3E2367DA3B009957D4 /* Picture.xcassets in Resources */ = {isa = PBXBuildFile; fileRef = D7AF4D3D2367DA3B009957D4 /* Picture.xcassets */; };
		D7AF4D4823683641009957D4 /* TableViewCellReusable.swift in Sources */ = {isa = PBXBuildFile; fileRef = D7AF4D4723683641009957D4 /* TableViewCellReusable.swift */; };
		D7AF4D4A23684429009957D4 /* Delegate.swift in Sources */ = {isa = PBXBuildFile; fileRef = D7AF4D4923684429009957D4 /* Delegate.swift */; };
		D7AF4D5F23699B39009957D4 /* UiButtonExtension.swift in Sources */ = {isa = PBXBuildFile; fileRef = D7AF4D5E23699B39009957D4 /* UiButtonExtension.swift */; };
		D7AF4D68236BD857009957D4 /* UIViewExtension.swift in Sources */ = {isa = PBXBuildFile; fileRef = D7AF4D67236BD857009957D4 /* UIViewExtension.swift */; };
		D7B43B54237A4A7B0035755F /* LoginViewController.swift in Sources */ = {isa = PBXBuildFile; fileRef = D7B43B53237A4A7B0035755F /* LoginViewController.swift */; };
		D7B43B57237A9F490035755F /* HomeNavView.swift in Sources */ = {isa = PBXBuildFile; fileRef = D7B43B56237A9F490035755F /* HomeNavView.swift */; };
		D7B43B59237AB4120035755F /* HomeBannerView.swift in Sources */ = {isa = PBXBuildFile; fileRef = D7B43B58237AB4120035755F /* HomeBannerView.swift */; };
		D7B43B5B237AB4380035755F /* HomeMainView.swift in Sources */ = {isa = PBXBuildFile; fileRef = D7B43B5A237AB4380035755F /* HomeMainView.swift */; };
		D7B43B5D237AB7B80035755F /* BannerCollectionViewCell.swift in Sources */ = {isa = PBXBuildFile; fileRef = D7B43B5C237AB7B80035755F /* BannerCollectionViewCell.swift */; };
		D7B43B6C237BA2810035755F /* FWSideMenuContainerViewController.swift in Sources */ = {isa = PBXBuildFile; fileRef = D7B43B69237BA2810035755F /* FWSideMenuContainerViewController.swift */; };
		D7B43B6D237BA2810035755F /* FWSideMenuShadow.swift in Sources */ = {isa = PBXBuildFile; fileRef = D7B43B6A237BA2810035755F /* FWSideMenuShadow.swift */; };
		D7B43B6E237BA2810035755F /* UIViewController+FWSideMenuExtension.swift in Sources */ = {isa = PBXBuildFile; fileRef = D7B43B6B237BA2810035755F /* UIViewController+FWSideMenuExtension.swift */; };
		D7B43B71237CECEA0035755F /* MeMainListView.swift in Sources */ = {isa = PBXBuildFile; fileRef = D7B43B70237CECEA0035755F /* MeMainListView.swift */; };
		D7B43B74237CF0390035755F /* MeModel.swift in Sources */ = {isa = PBXBuildFile; fileRef = D7B43B73237CF0390035755F /* MeModel.swift */; };
		D7B43B77237CFA4F0035755F /* MeListTableViewCell.swift in Sources */ = {isa = PBXBuildFile; fileRef = D7B43B76237CFA4F0035755F /* MeListTableViewCell.swift */; };
		D7B43B7A237D26290035755F /* SettingViewController.swift in Sources */ = {isa = PBXBuildFile; fileRef = D7B43B79237D26290035755F /* SettingViewController.swift */; };
		D7B7CAC22386809C003C3607 /* LoginButton.swift in Sources */ = {isa = PBXBuildFile; fileRef = D7B7CAC12386809C003C3607 /* LoginButton.swift */; };
		D7C31902237E55C50029BCB8 /* MeSettingTableView.swift in Sources */ = {isa = PBXBuildFile; fileRef = D7C31901237E55C50029BCB8 /* MeSettingTableView.swift */; };
		D7C31904237E59630029BCB8 /* SettingMainTableViewCell.swift in Sources */ = {isa = PBXBuildFile; fileRef = D7C31903237E59630029BCB8 /* SettingMainTableViewCell.swift */; };
		D7C31906237E5DEB0029BCB8 /* SetLogoutTableViewCell.swift in Sources */ = {isa = PBXBuildFile; fileRef = D7C31905237E5DEB0029BCB8 /* SetLogoutTableViewCell.swift */; };
		D7C31908237E640F0029BCB8 /* SettingDetailTableViewCell.swift in Sources */ = {isa = PBXBuildFile; fileRef = D7C31907237E640F0029BCB8 /* SettingDetailTableViewCell.swift */; };
		D7C3190A237E7C5F0029BCB8 /* AboutViewController.swift in Sources */ = {isa = PBXBuildFile; fileRef = D7C31909237E7C5F0029BCB8 /* AboutViewController.swift */; };
		D7C3190C237E8D3E0029BCB8 /* ContactViewController.swift in Sources */ = {isa = PBXBuildFile; fileRef = D7C3190B237E8D3E0029BCB8 /* ContactViewController.swift */; };
		D7C3190E237E9C020029BCB8 /* ContactTableViewCell.swift in Sources */ = {isa = PBXBuildFile; fileRef = D7C3190D237E9C020029BCB8 /* ContactTableViewCell.swift */; };
		D7C31910237E9F9C0029BCB8 /* ContactAddTableViewCell.swift in Sources */ = {isa = PBXBuildFile; fileRef = D7C3190F237E9F9C0029BCB8 /* ContactAddTableViewCell.swift */; };
		D7C31912237EABDF0029BCB8 /* ContactManageViewController.swift in Sources */ = {isa = PBXBuildFile; fileRef = D7C31911237EABDF0029BCB8 /* ContactManageViewController.swift */; };
/* End PBXBuildFile section */

/* Begin PBXFileReference section */
		040F8DD023823B9700834F41 /* MSAlbumFolderTableView.swift */ = {isa = PBXFileReference; lastKnownFileType = sourcecode.swift; path = MSAlbumFolderTableView.swift; sourceTree = "<group>"; };
		040F8DD223823BA700834F41 /* MSAlbumFolderTableViewCell.swift */ = {isa = PBXFileReference; lastKnownFileType = sourcecode.swift; path = MSAlbumFolderTableViewCell.swift; sourceTree = "<group>"; };
		041C3922237BAB53007FA74A /* HBSBaseConstHeader.swift */ = {isa = PBXFileReference; fileEncoding = 4; lastKnownFileType = sourcecode.swift; path = HBSBaseConstHeader.swift; sourceTree = "<group>"; };
		041C3923237BAB53007FA74A /* HBSDevice.swift */ = {isa = PBXFileReference; fileEncoding = 4; lastKnownFileType = sourcecode.swift; path = HBSDevice.swift; sourceTree = "<group>"; };
		041C3924237BAB53007FA74A /* HBSMethodHeader.swift */ = {isa = PBXFileReference; fileEncoding = 4; lastKnownFileType = sourcecode.swift; path = HBSMethodHeader.swift; sourceTree = "<group>"; };
		041C3925237BAB53007FA74A /* HBSHeadFileHeader.swift */ = {isa = PBXFileReference; fileEncoding = 4; lastKnownFileType = sourcecode.swift; path = HBSHeadFileHeader.swift; sourceTree = "<group>"; };
		041C3927237BAB53007FA74A /* HBSProgressHUD.swift */ = {isa = PBXFileReference; fileEncoding = 4; lastKnownFileType = sourcecode.swift; path = HBSProgressHUD.swift; sourceTree = "<group>"; };
		041C392D237BAB53007FA74A /* HBSTableViewExtension.swift */ = {isa = PBXFileReference; fileEncoding = 4; lastKnownFileType = sourcecode.swift; path = HBSTableViewExtension.swift; sourceTree = "<group>"; };
		041C392E237BAB53007FA74A /* HBSFontExtension.swift */ = {isa = PBXFileReference; fileEncoding = 4; lastKnownFileType = sourcecode.swift; path = HBSFontExtension.swift; sourceTree = "<group>"; };
		041C392F237BAB53007FA74A /* HBSViewExtension.swift */ = {isa = PBXFileReference; fileEncoding = 4; lastKnownFileType = sourcecode.swift; path = HBSViewExtension.swift; sourceTree = "<group>"; };
		041C3930237BAB53007FA74A /* HBSColorExtension.swift */ = {isa = PBXFileReference; fileEncoding = 4; lastKnownFileType = sourcecode.swift; path = HBSColorExtension.swift; sourceTree = "<group>"; };
		041C3932237BAB53007FA74A /* HBSNetworkError.swift */ = {isa = PBXFileReference; fileEncoding = 4; lastKnownFileType = sourcecode.swift; path = HBSNetworkError.swift; sourceTree = "<group>"; };
		041C3933237BAB53007FA74A /* HBSNetworkManager.swift */ = {isa = PBXFileReference; fileEncoding = 4; lastKnownFileType = sourcecode.swift; path = HBSNetworkManager.swift; sourceTree = "<group>"; };
		041C3936237BAB53007FA74A /* HBSBaseModel.swift */ = {isa = PBXFileReference; fileEncoding = 4; lastKnownFileType = sourcecode.swift; path = HBSBaseModel.swift; sourceTree = "<group>"; };
		041C3937237BAB53007FA74A /* HBSArchiveManager.swift */ = {isa = PBXFileReference; fileEncoding = 4; lastKnownFileType = sourcecode.swift; path = HBSArchiveManager.swift; sourceTree = "<group>"; };
		041C393A237BAB53007FA74A /* HBSViewEventObject.swift */ = {isa = PBXFileReference; fileEncoding = 4; lastKnownFileType = sourcecode.swift; path = HBSViewEventObject.swift; sourceTree = "<group>"; };
		041C393C237BAB53007FA74A /* HBSBaseBannerView.swift */ = {isa = PBXFileReference; fileEncoding = 4; lastKnownFileType = sourcecode.swift; path = HBSBaseBannerView.swift; sourceTree = "<group>"; };
		041C3941237BAB53007FA74A /* HBSBaseCollectionViewCell.swift */ = {isa = PBXFileReference; fileEncoding = 4; lastKnownFileType = sourcecode.swift; path = HBSBaseCollectionViewCell.swift; sourceTree = "<group>"; };
		041C3942237BAB53007FA74A /* HBSBaseCollectionView.swift */ = {isa = PBXFileReference; fileEncoding = 4; lastKnownFileType = sourcecode.swift; path = HBSBaseCollectionView.swift; sourceTree = "<group>"; };
		041C3944237BAB53007FA74A /* error_icon@3x.png */ = {isa = PBXFileReference; lastKnownFileType = image.png; path = "error_icon@3x.png"; sourceTree = "<group>"; };
		041C3945237BAB53007FA74A /* error_icon@2x.png */ = {isa = PBXFileReference; lastKnownFileType = image.png; path = "error_icon@2x.png"; sourceTree = "<group>"; };
		041C3946237BAB53007FA74A /* noData_icon@3x.png */ = {isa = PBXFileReference; lastKnownFileType = image.png; path = "noData_icon@3x.png"; sourceTree = "<group>"; };
		041C3947237BAB53007FA74A /* noNetwork_icon@3x.png */ = {isa = PBXFileReference; lastKnownFileType = image.png; path = "noNetwork_icon@3x.png"; sourceTree = "<group>"; };
		041C3948237BAB53007FA74A /* noNetwork_icon@2x.png */ = {isa = PBXFileReference; lastKnownFileType = image.png; path = "noNetwork_icon@2x.png"; sourceTree = "<group>"; };
		041C3949237BAB53007FA74A /* noData_icon@2x.png */ = {isa = PBXFileReference; lastKnownFileType = image.png; path = "noData_icon@2x.png"; sourceTree = "<group>"; };
		041C394B237BAB53007FA74A /* HBSBaseTableView.swift */ = {isa = PBXFileReference; fileEncoding = 4; lastKnownFileType = sourcecode.swift; path = HBSBaseTableView.swift; sourceTree = "<group>"; };
		041C394C237BAB53007FA74A /* HBSBaseTableViewCell.swift */ = {isa = PBXFileReference; fileEncoding = 4; lastKnownFileType = sourcecode.swift; path = HBSBaseTableViewCell.swift; sourceTree = "<group>"; };
		041C394E237BAB53007FA74A /* HBSBaseViewExtension.swift */ = {isa = PBXFileReference; fileEncoding = 4; lastKnownFileType = sourcecode.swift; path = HBSBaseViewExtension.swift; sourceTree = "<group>"; };
		041C394F237BAB53007FA74A /* HBSBaseTipsView.swift */ = {isa = PBXFileReference; fileEncoding = 4; lastKnownFileType = sourcecode.swift; path = HBSBaseTipsView.swift; sourceTree = "<group>"; };
		041C3950237BAB53007FA74A /* HBSBaseView.swift */ = {isa = PBXFileReference; fileEncoding = 4; lastKnownFileType = sourcecode.swift; path = HBSBaseView.swift; sourceTree = "<group>"; };
		041C3974237BAC8A007FA74A /* RentViewController.swift */ = {isa = PBXFileReference; fileEncoding = 4; lastKnownFileType = sourcecode.swift; path = RentViewController.swift; sourceTree = "<group>"; };
		041C3978237BACBB007FA74A /* MSRentListTableView.swift */ = {isa = PBXFileReference; lastKnownFileType = sourcecode.swift; path = MSRentListTableView.swift; sourceTree = "<group>"; };
		041C397A237BACC9007FA74A /* MSRentListCell.swift */ = {isa = PBXFileReference; lastKnownFileType = sourcecode.swift; path = MSRentListCell.swift; sourceTree = "<group>"; };
		041C397C237BACDC007FA74A /* MSRentListModel.swift */ = {isa = PBXFileReference; lastKnownFileType = sourcecode.swift; path = MSRentListModel.swift; sourceTree = "<group>"; };
		041C397E237BD8A7007FA74A /* MSRentListOptionView.swift */ = {isa = PBXFileReference; lastKnownFileType = sourcecode.swift; path = MSRentListOptionView.swift; sourceTree = "<group>"; };
		041C3982237BE64C007FA74A /* MSRentDetailViewController.swift */ = {isa = PBXFileReference; lastKnownFileType = sourcecode.swift; path = MSRentDetailViewController.swift; sourceTree = "<group>"; };
		041C3984237BE658007FA74A /* MSChoiceCityViewController.swift */ = {isa = PBXFileReference; lastKnownFileType = sourcecode.swift; path = MSChoiceCityViewController.swift; sourceTree = "<group>"; };
		041C398B237BF265007FA74A /* MSDemandListModel.swift */ = {isa = PBXFileReference; lastKnownFileType = sourcecode.swift; path = MSDemandListModel.swift; sourceTree = "<group>"; };
		041C398D237BF27A007FA74A /* MSDemandListTableView.swift */ = {isa = PBXFileReference; lastKnownFileType = sourcecode.swift; path = MSDemandListTableView.swift; sourceTree = "<group>"; };
		041C398F237BF28A007FA74A /* MSDemandListCell.swift */ = {isa = PBXFileReference; lastKnownFileType = sourcecode.swift; path = MSDemandListCell.swift; sourceTree = "<group>"; };
		041C3991237BF2CF007FA74A /* MSDemandViewController.swift */ = {isa = PBXFileReference; fileEncoding = 4; lastKnownFileType = sourcecode.swift; path = MSDemandViewController.swift; sourceTree = "<group>"; };
		041C3993237BF2F6007FA74A /* MSDemandListOptionView.swift */ = {isa = PBXFileReference; lastKnownFileType = sourcecode.swift; path = MSDemandListOptionView.swift; sourceTree = "<group>"; };
		04642C782383FC6C005131D7 /* MSPublishFileCollectionView.swift */ = {isa = PBXFileReference; lastKnownFileType = sourcecode.swift; path = MSPublishFileCollectionView.swift; sourceTree = "<group>"; };
		04642C7A2383FC80005131D7 /* MSPublishFileCollectionViewCell.swift */ = {isa = PBXFileReference; lastKnownFileType = sourcecode.swift; path = MSPublishFileCollectionViewCell.swift; sourceTree = "<group>"; };
		04642C7C2383FC94005131D7 /* MSPublishAddFileCollectionViewCell.swift */ = {isa = PBXFileReference; lastKnownFileType = sourcecode.swift; path = MSPublishAddFileCollectionViewCell.swift; sourceTree = "<group>"; };
		04642C7F23862F09005131D7 /* MSPublishRentDemandViewController.swift */ = {isa = PBXFileReference; lastKnownFileType = sourcecode.swift; path = MSPublishRentDemandViewController.swift; sourceTree = "<group>"; };
		049034BB237CEF5800D1DF65 /* TravelViewController.swift */ = {isa = PBXFileReference; fileEncoding = 4; lastKnownFileType = sourcecode.swift; path = TravelViewController.swift; sourceTree = "<group>"; };
		049034BD237CEF9400D1DF65 /* MSTravelListTableView.swift */ = {isa = PBXFileReference; lastKnownFileType = sourcecode.swift; path = MSTravelListTableView.swift; sourceTree = "<group>"; };
		049034BF237CEFA300D1DF65 /* MSTravelListCell.swift */ = {isa = PBXFileReference; lastKnownFileType = sourcecode.swift; path = MSTravelListCell.swift; sourceTree = "<group>"; };
		049034C1237CEFB900D1DF65 /* MSTranvelOptionView.swift */ = {isa = PBXFileReference; lastKnownFileType = sourcecode.swift; path = MSTranvelOptionView.swift; sourceTree = "<group>"; };
		049034C3237CEFCB00D1DF65 /* MSTravelListModel.swift */ = {isa = PBXFileReference; lastKnownFileType = sourcecode.swift; path = MSTravelListModel.swift; sourceTree = "<group>"; };
		049034C6237D079D00D1DF65 /* MSPublishTravelViewController.swift */ = {isa = PBXFileReference; lastKnownFileType = sourcecode.swift; path = MSPublishTravelViewController.swift; sourceTree = "<group>"; };
		049034CA237D2E5D00D1DF65 /* MSPublishTravelBaseModel.swift */ = {isa = PBXFileReference; lastKnownFileType = sourcecode.swift; path = MSPublishTravelBaseModel.swift; sourceTree = "<group>"; };
		049034CC237D2EA700D1DF65 /* MSPublishTravelClickModel.swift */ = {isa = PBXFileReference; lastKnownFileType = sourcecode.swift; path = MSPublishTravelClickModel.swift; sourceTree = "<group>"; };
		049034CE237D2EDD00D1DF65 /* MSPublishTravelTextViewModel.swift */ = {isa = PBXFileReference; lastKnownFileType = sourcecode.swift; path = MSPublishTravelTextViewModel.swift; sourceTree = "<group>"; };
		049034D0237D2EF300D1DF65 /* MSPublishTravelTextFieldModel.swift */ = {isa = PBXFileReference; lastKnownFileType = sourcecode.swift; path = MSPublishTravelTextFieldModel.swift; sourceTree = "<group>"; };
		049034D2237D2F1C00D1DF65 /* MSPublishTravelFilesModel.swift */ = {isa = PBXFileReference; lastKnownFileType = sourcecode.swift; path = MSPublishTravelFilesModel.swift; sourceTree = "<group>"; };
		049034D4237D312200D1DF65 /* MSPublisthTravelTableView.swift */ = {isa = PBXFileReference; lastKnownFileType = sourcecode.swift; path = MSPublisthTravelTableView.swift; sourceTree = "<group>"; };
		049034D6237D313400D1DF65 /* MSPublishTravelClickCell.swift */ = {isa = PBXFileReference; lastKnownFileType = sourcecode.swift; path = MSPublishTravelClickCell.swift; sourceTree = "<group>"; };
		049034D8237D315D00D1DF65 /* MSPublishTravelBaseCell.swift */ = {isa = PBXFileReference; lastKnownFileType = sourcecode.swift; path = MSPublishTravelBaseCell.swift; sourceTree = "<group>"; };
		049034DA237D316B00D1DF65 /* MSPublishTravelTextViewCell.swift */ = {isa = PBXFileReference; lastKnownFileType = sourcecode.swift; path = MSPublishTravelTextViewCell.swift; sourceTree = "<group>"; };
		049034DC237D318100D1DF65 /* MSPublishTravelTextFieldCell.swift */ = {isa = PBXFileReference; lastKnownFileType = sourcecode.swift; path = MSPublishTravelTextFieldCell.swift; sourceTree = "<group>"; };
		049034DE237D319000D1DF65 /* MSPublishTravelFilesCell.swift */ = {isa = PBXFileReference; lastKnownFileType = sourcecode.swift; path = MSPublishTravelFilesCell.swift; sourceTree = "<group>"; };
		049034E0237D4DC300D1DF65 /* UITextFieldExtension.swift */ = {isa = PBXFileReference; fileEncoding = 4; lastKnownFileType = sourcecode.swift; path = UITextFieldExtension.swift; sourceTree = "<group>"; };
		049034E3237D56BE00D1DF65 /* MSChoiceDateViewController.swift */ = {isa = PBXFileReference; lastKnownFileType = sourcecode.swift; path = MSChoiceDateViewController.swift; sourceTree = "<group>"; };
		049034E5237D586300D1DF65 /* MSChoiceDateView.swift */ = {isa = PBXFileReference; lastKnownFileType = sourcecode.swift; path = MSChoiceDateView.swift; sourceTree = "<group>"; };
		049034E8237D6FDC00D1DF65 /* MSResourceManagerViewController.swift */ = {isa = PBXFileReference; lastKnownFileType = sourcecode.swift; path = MSResourceManagerViewController.swift; sourceTree = "<group>"; };
		049034F4237D759D00D1DF65 /* HLPageResultView.swift */ = {isa = PBXFileReference; fileEncoding = 4; lastKnownFileType = sourcecode.swift; path = HLPageResultView.swift; sourceTree = "<group>"; };
		049034F5237D759D00D1DF65 /* HLPageView.swift */ = {isa = PBXFileReference; fileEncoding = 4; lastKnownFileType = sourcecode.swift; path = HLPageView.swift; sourceTree = "<group>"; };
		049034F9237E474A00D1DF65 /* MSAlbumCollectionView.swift */ = {isa = PBXFileReference; lastKnownFileType = sourcecode.swift; path = MSAlbumCollectionView.swift; sourceTree = "<group>"; };
		049034FB237E475500D1DF65 /* MSAlbumCollectionViewCell.swift */ = {isa = PBXFileReference; lastKnownFileType = sourcecode.swift; path = MSAlbumCollectionViewCell.swift; sourceTree = "<group>"; };
		049034FE237E49C300D1DF65 /* MSAlbumDataManager.swift */ = {isa = PBXFileReference; lastKnownFileType = sourcecode.swift; path = MSAlbumDataManager.swift; sourceTree = "<group>"; };
		04903501237E89F800D1DF65 /* MSPHAsset.swift */ = {isa = PBXFileReference; lastKnownFileType = sourcecode.swift; path = MSPHAsset.swift; sourceTree = "<group>"; };
		04903503237EB10400D1DF65 /* MSAlbumFolderView.swift */ = {isa = PBXFileReference; lastKnownFileType = sourcecode.swift; path = MSAlbumFolderView.swift; sourceTree = "<group>"; };
		04B85C9223824649008E8BF9 /* MotoShare-Bridging-Header.h */ = {isa = PBXFileReference; lastKnownFileType = sourcecode.c.h; path = "MotoShare-Bridging-Header.h"; sourceTree = "<group>"; };
		04B85C9823824E66008E8BF9 /* ShareViewController.swift */ = {isa = PBXFileReference; fileEncoding = 4; lastKnownFileType = sourcecode.swift; path = ShareViewController.swift; sourceTree = "<group>"; };
		04B85C9A23824E87008E8BF9 /* MSMapView.swift */ = {isa = PBXFileReference; lastKnownFileType = sourcecode.swift; path = MSMapView.swift; sourceTree = "<group>"; };
		1A3051476B1329CCA0ED583C /* Pods_MotoShare.framework */ = {isa = PBXFileReference; explicitFileType = wrapper.framework; includeInIndex = 0; path = Pods_MotoShare.framework; sourceTree = BUILT_PRODUCTS_DIR; };
		215459550287FA041196F067 /* Pods-MotoShare.release.xcconfig */ = {isa = PBXFileReference; includeInIndex = 1; lastKnownFileType = text.xcconfig; name = "Pods-MotoShare.release.xcconfig"; path = "Target Support Files/Pods-MotoShare/Pods-MotoShare.release.xcconfig"; sourceTree = "<group>"; };
		4BCAA0436859B5372895A100 /* Pods-FoodRecipe.debug.xcconfig */ = {isa = PBXFileReference; includeInIndex = 1; lastKnownFileType = text.xcconfig; name = "Pods-FoodRecipe.debug.xcconfig"; path = "Target Support Files/Pods-FoodRecipe/Pods-FoodRecipe.debug.xcconfig"; sourceTree = "<group>"; };
		58E610E719334776F82825DC /* Pods-MotoShare.debug.xcconfig */ = {isa = PBXFileReference; includeInIndex = 1; lastKnownFileType = text.xcconfig; name = "Pods-MotoShare.debug.xcconfig"; path = "Target Support Files/Pods-MotoShare/Pods-MotoShare.debug.xcconfig"; sourceTree = "<group>"; };
		84D0AFB163E213BB2C654492 /* Pods-FoodRecipe.release.xcconfig */ = {isa = PBXFileReference; includeInIndex = 1; lastKnownFileType = text.xcconfig; name = "Pods-FoodRecipe.release.xcconfig"; path = "Target Support Files/Pods-FoodRecipe/Pods-FoodRecipe.release.xcconfig"; sourceTree = "<group>"; };
		CB2C72BC237B111B00FEC788 /* MSQueryViewController.swift */ = {isa = PBXFileReference; lastKnownFileType = sourcecode.swift; path = MSQueryViewController.swift; sourceTree = "<group>"; };
		D72711842382AA0500051A1B /* ManagerPhone.swift */ = {isa = PBXFileReference; fileEncoding = 4; lastKnownFileType = sourcecode.swift; path = ManagerPhone.swift; sourceTree = "<group>"; };
		D72711852382AA0600051A1B /* ManagerNunberTableViewCell.swift */ = {isa = PBXFileReference; fileEncoding = 4; lastKnownFileType = sourcecode.swift; path = ManagerNunberTableViewCell.swift; sourceTree = "<group>"; };
		D72711882382AB8400051A1B /* MoneyViewController.swift */ = {isa = PBXFileReference; lastKnownFileType = sourcecode.swift; path = MoneyViewController.swift; sourceTree = "<group>"; };
		D727118A2382B0E300051A1B /* MoneyMainTableViewCell.swift */ = {isa = PBXFileReference; lastKnownFileType = sourcecode.swift; path = MoneyMainTableViewCell.swift; sourceTree = "<group>"; };
		D727118C23838B0700051A1B /* BalanceView.swift */ = {isa = PBXFileReference; lastKnownFileType = sourcecode.swift; path = BalanceView.swift; sourceTree = "<group>"; };
		D727118E2383A19700051A1B /* GetMoneyViewController.swift */ = {isa = PBXFileReference; lastKnownFileType = sourcecode.swift; path = GetMoneyViewController.swift; sourceTree = "<group>"; };
		D73465502386644400798807 /* LoginPhoneView.swift */ = {isa = PBXFileReference; lastKnownFileType = sourcecode.swift; path = LoginPhoneView.swift; sourceTree = "<group>"; };
		D734655323866B0000798807 /* LoginCodeView.swift */ = {isa = PBXFileReference; lastKnownFileType = sourcecode.swift; path = LoginCodeView.swift; sourceTree = "<group>"; };
		D77854F3238628B700DEB6DE /* LoginViewExtension.swift */ = {isa = PBXFileReference; lastKnownFileType = sourcecode.swift; path = LoginViewExtension.swift; sourceTree = "<group>"; };
		D7AF4CE02367D84B009957D4 /* 摩滴共享.app */ = {isa = PBXFileReference; explicitFileType = wrapper.application; includeInIndex = 0; path = "摩滴共享.app"; sourceTree = BUILT_PRODUCTS_DIR; };
		D7AF4CE32367D84B009957D4 /* AppDelegate.swift */ = {isa = PBXFileReference; lastKnownFileType = sourcecode.swift; path = AppDelegate.swift; sourceTree = "<group>"; };
		D7AF4CEC2367D84D009957D4 /* Assets.xcassets */ = {isa = PBXFileReference; lastKnownFileType = folder.assetcatalog; path = Assets.xcassets; sourceTree = "<group>"; };
		D7AF4CF12367D84D009957D4 /* Info.plist */ = {isa = PBXFileReference; lastKnownFileType = text.plist.xml; path = Info.plist; sourceTree = "<group>"; };
		D7AF4D002367D91B009957D4 /* HomeViewController.swift */ = {isa = PBXFileReference; lastKnownFileType = sourcecode.swift; path = HomeViewController.swift; sourceTree = "<group>"; };
		D7AF4D082367D94A009957D4 /* MeViewController.swift */ = {isa = PBXFileReference; lastKnownFileType = sourcecode.swift; path = MeViewController.swift; sourceTree = "<group>"; };
		D7AF4D0B2367D981009957D4 /* LaunchScreen.storyboard */ = {isa = PBXFileReference; lastKnownFileType = file.storyboard; path = LaunchScreen.storyboard; sourceTree = "<group>"; };
		D7AF4D142367D9D7009957D4 /* BaseTabBarController.swift */ = {isa = PBXFileReference; fileEncoding = 4; lastKnownFileType = sourcecode.swift; path = BaseTabBarController.swift; sourceTree = "<group>"; };
		D7AF4D152367D9D7009957D4 /* BaseViewController.swift */ = {isa = PBXFileReference; fileEncoding = 4; lastKnownFileType = sourcecode.swift; path = BaseViewController.swift; sourceTree = "<group>"; };
		D7AF4D162367D9D7009957D4 /* BaseTableView.swift */ = {isa = PBXFileReference; fileEncoding = 4; lastKnownFileType = sourcecode.swift; path = BaseTableView.swift; sourceTree = "<group>"; };
		D7AF4D172367D9D7009957D4 /* BaseNavigationController.swift */ = {isa = PBXFileReference; fileEncoding = 4; lastKnownFileType = sourcecode.swift; path = BaseNavigationController.swift; sourceTree = "<group>"; };
		D7AF4D182367D9D7009957D4 /* BaseView.swift */ = {isa = PBXFileReference; fileEncoding = 4; lastKnownFileType = sourcecode.swift; path = BaseView.swift; sourceTree = "<group>"; };
		D7AF4D1A2367D9D7009957D4 /* UrlExtention.swift */ = {isa = PBXFileReference; fileEncoding = 4; lastKnownFileType = sourcecode.swift; path = UrlExtention.swift; sourceTree = "<group>"; };
		D7AF4D1B2367D9D7009957D4 /* UIViewIndicatorView.swift */ = {isa = PBXFileReference; fileEncoding = 4; lastKnownFileType = sourcecode.swift; path = UIViewIndicatorView.swift; sourceTree = "<group>"; };
		D7AF4D1C2367D9D7009957D4 /* UIColorDarkMode.swift */ = {isa = PBXFileReference; fileEncoding = 4; lastKnownFileType = sourcecode.swift; path = UIColorDarkMode.swift; sourceTree = "<group>"; };
		D7AF4D1D2367D9D7009957D4 /* GLAppInfo.swift */ = {isa = PBXFileReference; fileEncoding = 4; lastKnownFileType = sourcecode.swift; path = GLAppInfo.swift; sourceTree = "<group>"; };
		D7AF4D1E2367D9D7009957D4 /* UIViewControllerExtension.swift */ = {isa = PBXFileReference; fileEncoding = 4; lastKnownFileType = sourcecode.swift; path = UIViewControllerExtension.swift; sourceTree = "<group>"; };
		D7AF4D1F2367D9D7009957D4 /* ClassName.swift */ = {isa = PBXFileReference; fileEncoding = 4; lastKnownFileType = sourcecode.swift; path = ClassName.swift; sourceTree = "<group>"; };
		D7AF4D202367D9D7009957D4 /* StringExtension.swift */ = {isa = PBXFileReference; fileEncoding = 4; lastKnownFileType = sourcecode.swift; path = StringExtension.swift; sourceTree = "<group>"; };
		D7AF4D212367D9D7009957D4 /* TabbarBadge.swift */ = {isa = PBXFileReference; fileEncoding = 4; lastKnownFileType = sourcecode.swift; path = TabbarBadge.swift; sourceTree = "<group>"; };
		D7AF4D222367D9D7009957D4 /* UIViewHUDExtension.swift */ = {isa = PBXFileReference; fileEncoding = 4; lastKnownFileType = sourcecode.swift; path = UIViewHUDExtension.swift; sourceTree = "<group>"; };
		D7AF4D242367D9D7009957D4 /* Constants.swift */ = {isa = PBXFileReference; fileEncoding = 4; lastKnownFileType = sourcecode.swift; path = Constants.swift; sourceTree = "<group>"; };
		D7AF4D252367D9D7009957D4 /* ConfigMacro.swift */ = {isa = PBXFileReference; fileEncoding = 4; lastKnownFileType = sourcecode.swift; path = ConfigMacro.swift; sourceTree = "<group>"; };
		D7AF4D262367D9D7009957D4 /* Header.swift */ = {isa = PBXFileReference; fileEncoding = 4; lastKnownFileType = sourcecode.swift; path = Header.swift; sourceTree = "<group>"; };
		D7AF4D3D2367DA3B009957D4 /* Picture.xcassets */ = {isa = PBXFileReference; lastKnownFileType = folder.assetcatalog; path = Picture.xcassets; sourceTree = "<group>"; };
		D7AF4D4723683641009957D4 /* TableViewCellReusable.swift */ = {isa = PBXFileReference; fileEncoding = 4; lastKnownFileType = sourcecode.swift; path = TableViewCellReusable.swift; sourceTree = "<group>"; };
		D7AF4D4923684429009957D4 /* Delegate.swift */ = {isa = PBXFileReference; lastKnownFileType = sourcecode.swift; path = Delegate.swift; sourceTree = "<group>"; };
		D7AF4D5E23699B39009957D4 /* UiButtonExtension.swift */ = {isa = PBXFileReference; lastKnownFileType = sourcecode.swift; path = UiButtonExtension.swift; sourceTree = "<group>"; };
		D7AF4D67236BD857009957D4 /* UIViewExtension.swift */ = {isa = PBXFileReference; lastKnownFileType = sourcecode.swift; path = UIViewExtension.swift; sourceTree = "<group>"; };
		D7B43B53237A4A7B0035755F /* LoginViewController.swift */ = {isa = PBXFileReference; lastKnownFileType = sourcecode.swift; path = LoginViewController.swift; sourceTree = "<group>"; };
		D7B43B56237A9F490035755F /* HomeNavView.swift */ = {isa = PBXFileReference; lastKnownFileType = sourcecode.swift; path = HomeNavView.swift; sourceTree = "<group>"; };
		D7B43B58237AB4120035755F /* HomeBannerView.swift */ = {isa = PBXFileReference; lastKnownFileType = sourcecode.swift; path = HomeBannerView.swift; sourceTree = "<group>"; };
		D7B43B5A237AB4380035755F /* HomeMainView.swift */ = {isa = PBXFileReference; lastKnownFileType = sourcecode.swift; path = HomeMainView.swift; sourceTree = "<group>"; };
		D7B43B5C237AB7B80035755F /* BannerCollectionViewCell.swift */ = {isa = PBXFileReference; lastKnownFileType = sourcecode.swift; path = BannerCollectionViewCell.swift; sourceTree = "<group>"; };
		D7B43B69237BA2810035755F /* FWSideMenuContainerViewController.swift */ = {isa = PBXFileReference; fileEncoding = 4; lastKnownFileType = sourcecode.swift; path = FWSideMenuContainerViewController.swift; sourceTree = "<group>"; };
		D7B43B6A237BA2810035755F /* FWSideMenuShadow.swift */ = {isa = PBXFileReference; fileEncoding = 4; lastKnownFileType = sourcecode.swift; path = FWSideMenuShadow.swift; sourceTree = "<group>"; };
		D7B43B6B237BA2810035755F /* UIViewController+FWSideMenuExtension.swift */ = {isa = PBXFileReference; fileEncoding = 4; lastKnownFileType = sourcecode.swift; path = "UIViewController+FWSideMenuExtension.swift"; sourceTree = "<group>"; };
		D7B43B70237CECEA0035755F /* MeMainListView.swift */ = {isa = PBXFileReference; lastKnownFileType = sourcecode.swift; path = MeMainListView.swift; sourceTree = "<group>"; };
		D7B43B73237CF0390035755F /* MeModel.swift */ = {isa = PBXFileReference; lastKnownFileType = sourcecode.swift; path = MeModel.swift; sourceTree = "<group>"; };
		D7B43B76237CFA4F0035755F /* MeListTableViewCell.swift */ = {isa = PBXFileReference; lastKnownFileType = sourcecode.swift; path = MeListTableViewCell.swift; sourceTree = "<group>"; };
		D7B43B79237D26290035755F /* SettingViewController.swift */ = {isa = PBXFileReference; lastKnownFileType = sourcecode.swift; path = SettingViewController.swift; sourceTree = "<group>"; };
		D7B7CAC12386809C003C3607 /* LoginButton.swift */ = {isa = PBXFileReference; lastKnownFileType = sourcecode.swift; path = LoginButton.swift; sourceTree = "<group>"; };
		D7C31901237E55C50029BCB8 /* MeSettingTableView.swift */ = {isa = PBXFileReference; lastKnownFileType = sourcecode.swift; path = MeSettingTableView.swift; sourceTree = "<group>"; };
		D7C31903237E59630029BCB8 /* SettingMainTableViewCell.swift */ = {isa = PBXFileReference; lastKnownFileType = sourcecode.swift; path = SettingMainTableViewCell.swift; sourceTree = "<group>"; };
		D7C31905237E5DEB0029BCB8 /* SetLogoutTableViewCell.swift */ = {isa = PBXFileReference; lastKnownFileType = sourcecode.swift; path = SetLogoutTableViewCell.swift; sourceTree = "<group>"; };
		D7C31907237E640F0029BCB8 /* SettingDetailTableViewCell.swift */ = {isa = PBXFileReference; lastKnownFileType = sourcecode.swift; path = SettingDetailTableViewCell.swift; sourceTree = "<group>"; };
		D7C31909237E7C5F0029BCB8 /* AboutViewController.swift */ = {isa = PBXFileReference; lastKnownFileType = sourcecode.swift; path = AboutViewController.swift; sourceTree = "<group>"; };
		D7C3190B237E8D3E0029BCB8 /* ContactViewController.swift */ = {isa = PBXFileReference; lastKnownFileType = sourcecode.swift; path = ContactViewController.swift; sourceTree = "<group>"; };
		D7C3190D237E9C020029BCB8 /* ContactTableViewCell.swift */ = {isa = PBXFileReference; lastKnownFileType = sourcecode.swift; path = ContactTableViewCell.swift; sourceTree = "<group>"; };
		D7C3190F237E9F9C0029BCB8 /* ContactAddTableViewCell.swift */ = {isa = PBXFileReference; lastKnownFileType = sourcecode.swift; path = ContactAddTableViewCell.swift; sourceTree = "<group>"; };
		D7C31911237EABDF0029BCB8 /* ContactManageViewController.swift */ = {isa = PBXFileReference; lastKnownFileType = sourcecode.swift; path = ContactManageViewController.swift; sourceTree = "<group>"; };
/* End PBXFileReference section */

/* Begin PBXFrameworksBuildPhase section */
		D7AF4CDD2367D84B009957D4 /* Frameworks */ = {
			isa = PBXFrameworksBuildPhase;
			buildActionMask = 2147483647;
			files = (
				947506F1842C6E97CF08E5F3 /* Pods_MotoShare.framework in Frameworks */,
			);
			runOnlyForDeploymentPostprocessing = 0;
		};
/* End PBXFrameworksBuildPhase section */

/* Begin PBXGroup section */
		040F8DCF23823B7D00834F41 /* AlbumFolderTableView */ = {
			isa = PBXGroup;
			children = (
				040F8DD023823B9700834F41 /* MSAlbumFolderTableView.swift */,
				040F8DD223823BA700834F41 /* MSAlbumFolderTableViewCell.swift */,
			);
			path = AlbumFolderTableView;
			sourceTree = "<group>";
		};
		041C3920237BAB53007FA74A /* H_Base */ = {
			isa = PBXGroup;
			children = (
				041C3921237BAB53007FA74A /* H_Header */,
				041C3926237BAB53007FA74A /* H_ProgressHUD */,
				041C392C237BAB53007FA74A /* H_Extension */,
				041C3931237BAB53007FA74A /* H_Networking */,
				041C3935237BAB53007FA74A /* H_Model */,
				041C3938237BAB53007FA74A /* H_View */,
			);
			path = H_Base;
			sourceTree = "<group>";
		};
		041C3921237BAB53007FA74A /* H_Header */ = {
			isa = PBXGroup;
			children = (
				041C3922237BAB53007FA74A /* HBSBaseConstHeader.swift */,
				041C3923237BAB53007FA74A /* HBSDevice.swift */,
				041C3924237BAB53007FA74A /* HBSMethodHeader.swift */,
				041C3925237BAB53007FA74A /* HBSHeadFileHeader.swift */,
			);
			path = H_Header;
			sourceTree = "<group>";
		};
		041C3926237BAB53007FA74A /* H_ProgressHUD */ = {
			isa = PBXGroup;
			children = (
				041C3927237BAB53007FA74A /* HBSProgressHUD.swift */,
			);
			path = H_ProgressHUD;
			sourceTree = "<group>";
		};
		041C392C237BAB53007FA74A /* H_Extension */ = {
			isa = PBXGroup;
			children = (
				041C392D237BAB53007FA74A /* HBSTableViewExtension.swift */,
				041C392E237BAB53007FA74A /* HBSFontExtension.swift */,
				041C392F237BAB53007FA74A /* HBSViewExtension.swift */,
				041C3930237BAB53007FA74A /* HBSColorExtension.swift */,
			);
			path = H_Extension;
			sourceTree = "<group>";
		};
		041C3931237BAB53007FA74A /* H_Networking */ = {
			isa = PBXGroup;
			children = (
				041C3932237BAB53007FA74A /* HBSNetworkError.swift */,
				041C3933237BAB53007FA74A /* HBSNetworkManager.swift */,
			);
			path = H_Networking;
			sourceTree = "<group>";
		};
		041C3935237BAB53007FA74A /* H_Model */ = {
			isa = PBXGroup;
			children = (
				041C3936237BAB53007FA74A /* HBSBaseModel.swift */,
				041C3937237BAB53007FA74A /* HBSArchiveManager.swift */,
			);
			path = H_Model;
			sourceTree = "<group>";
		};
		041C3938237BAB53007FA74A /* H_View */ = {
			isa = PBXGroup;
			children = (
				041C3939237BAB53007FA74A /* H_viewObject */,
				041C393B237BAB53007FA74A /* H_bannerView */,
				041C3940237BAB53007FA74A /* H_collectionView */,
				041C3943237BAB53007FA74A /* H_Images */,
				041C394A237BAB53007FA74A /* H_tableView */,
				041C394D237BAB53007FA74A /* H_view */,
			);
			path = H_View;
			sourceTree = "<group>";
		};
		041C3939237BAB53007FA74A /* H_viewObject */ = {
			isa = PBXGroup;
			children = (
				041C393A237BAB53007FA74A /* HBSViewEventObject.swift */,
			);
			path = H_viewObject;
			sourceTree = "<group>";
		};
		041C393B237BAB53007FA74A /* H_bannerView */ = {
			isa = PBXGroup;
			children = (
				041C393C237BAB53007FA74A /* HBSBaseBannerView.swift */,
			);
			path = H_bannerView;
			sourceTree = "<group>";
		};
		041C3940237BAB53007FA74A /* H_collectionView */ = {
			isa = PBXGroup;
			children = (
				041C3941237BAB53007FA74A /* HBSBaseCollectionViewCell.swift */,
				041C3942237BAB53007FA74A /* HBSBaseCollectionView.swift */,
			);
			path = H_collectionView;
			sourceTree = "<group>";
		};
		041C3943237BAB53007FA74A /* H_Images */ = {
			isa = PBXGroup;
			children = (
				041C3944237BAB53007FA74A /* error_icon@3x.png */,
				041C3945237BAB53007FA74A /* error_icon@2x.png */,
				041C3946237BAB53007FA74A /* noData_icon@3x.png */,
				041C3947237BAB53007FA74A /* noNetwork_icon@3x.png */,
				041C3948237BAB53007FA74A /* noNetwork_icon@2x.png */,
				041C3949237BAB53007FA74A /* noData_icon@2x.png */,
			);
			path = H_Images;
			sourceTree = "<group>";
		};
		041C394A237BAB53007FA74A /* H_tableView */ = {
			isa = PBXGroup;
			children = (
				041C394B237BAB53007FA74A /* HBSBaseTableView.swift */,
				041C394C237BAB53007FA74A /* HBSBaseTableViewCell.swift */,
			);
			path = H_tableView;
			sourceTree = "<group>";
		};
		041C394D237BAB53007FA74A /* H_view */ = {
			isa = PBXGroup;
			children = (
				041C394E237BAB53007FA74A /* HBSBaseViewExtension.swift */,
				041C394F237BAB53007FA74A /* HBSBaseTipsView.swift */,
				041C3950237BAB53007FA74A /* HBSBaseView.swift */,
			);
			path = H_view;
			sourceTree = "<group>";
		};
		041C3973237BAC8A007FA74A /* rent */ = {
			isa = PBXGroup;
			children = (
				041C3976237BAC9C007FA74A /* Model */,
				041C3977237BAC9C007FA74A /* View */,
				041C3974237BAC8A007FA74A /* RentViewController.swift */,
			);
			path = rent;
			sourceTree = "<group>";
		};
		041C3976237BAC9C007FA74A /* Model */ = {
			isa = PBXGroup;
			children = (
				041C397C237BACDC007FA74A /* MSRentListModel.swift */,
			);
			path = Model;
			sourceTree = "<group>";
		};
		041C3977237BAC9C007FA74A /* View */ = {
			isa = PBXGroup;
			children = (
				041C3978237BACBB007FA74A /* MSRentListTableView.swift */,
				041C397A237BACC9007FA74A /* MSRentListCell.swift */,
				041C397E237BD8A7007FA74A /* MSRentListOptionView.swift */,
			);
			path = View;
			sourceTree = "<group>";
		};
		041C3980237BE638007FA74A /* ChoiceCity */ = {
			isa = PBXGroup;
			children = (
				041C3984237BE658007FA74A /* MSChoiceCityViewController.swift */,
			);
			path = ChoiceCity;
			sourceTree = "<group>";
		};
		041C3981237BE638007FA74A /* RentDetail */ = {
			isa = PBXGroup;
			children = (
				041C3982237BE64C007FA74A /* MSRentDetailViewController.swift */,
			);
			path = RentDetail;
			sourceTree = "<group>";
		};
		041C3986237BF24E007FA74A /* demand */ = {
			isa = PBXGroup;
			children = (
				041C3991237BF2CF007FA74A /* MSDemandViewController.swift */,
				041C3987237BF24E007FA74A /* Model */,
				041C3988237BF24E007FA74A /* View */,
			);
			path = demand;
			sourceTree = "<group>";
		};
		041C3987237BF24E007FA74A /* Model */ = {
			isa = PBXGroup;
			children = (
				041C398B237BF265007FA74A /* MSDemandListModel.swift */,
			);
			path = Model;
			sourceTree = "<group>";
		};
		041C3988237BF24E007FA74A /* View */ = {
			isa = PBXGroup;
			children = (
				041C398D237BF27A007FA74A /* MSDemandListTableView.swift */,
				041C398F237BF28A007FA74A /* MSDemandListCell.swift */,
				041C3993237BF2F6007FA74A /* MSDemandListOptionView.swift */,
			);
			path = View;
			sourceTree = "<group>";
		};
		04642C742383FC34005131D7 /* CollectionView */ = {
			isa = PBXGroup;
			children = (
				04642C782383FC6C005131D7 /* MSPublishFileCollectionView.swift */,
				04642C7A2383FC80005131D7 /* MSPublishFileCollectionViewCell.swift */,
				04642C7C2383FC94005131D7 /* MSPublishAddFileCollectionViewCell.swift */,
			);
			path = CollectionView;
			sourceTree = "<group>";
		};
		04642C7E23862EFA005131D7 /* PublishRentDemand */ = {
			isa = PBXGroup;
			children = (
				04642C7F23862F09005131D7 /* MSPublishRentDemandViewController.swift */,
			);
			path = PublishRentDemand;
			sourceTree = "<group>";
		};
		049034B8237CEF5800D1DF65 /* travel */ = {
			isa = PBXGroup;
			children = (
				049034B9237CEF5800D1DF65 /* Model */,
				049034BA237CEF5800D1DF65 /* View */,
				049034BB237CEF5800D1DF65 /* TravelViewController.swift */,
			);
			path = travel;
			sourceTree = "<group>";
		};
		049034B9237CEF5800D1DF65 /* Model */ = {
			isa = PBXGroup;
			children = (
				049034C3237CEFCB00D1DF65 /* MSTravelListModel.swift */,
			);
			path = Model;
			sourceTree = "<group>";
		};
		049034BA237CEF5800D1DF65 /* View */ = {
			isa = PBXGroup;
			children = (
				049034BD237CEF9400D1DF65 /* MSTravelListTableView.swift */,
				049034BF237CEFA300D1DF65 /* MSTravelListCell.swift */,
				049034C1237CEFB900D1DF65 /* MSTranvelOptionView.swift */,
			);
			path = View;
			sourceTree = "<group>";
		};
		049034C5237D078700D1DF65 /* PublishTravel */ = {
			isa = PBXGroup;
			children = (
				049034C9237D2A3900D1DF65 /* Model */,
				049034C8237D2A3900D1DF65 /* View */,
				049034C6237D079D00D1DF65 /* MSPublishTravelViewController.swift */,
			);
			path = PublishTravel;
			sourceTree = "<group>";
		};
		049034C8237D2A3900D1DF65 /* View */ = {
			isa = PBXGroup;
			children = (
				04642C742383FC34005131D7 /* CollectionView */,
				049034D4237D312200D1DF65 /* MSPublisthTravelTableView.swift */,
				049034D8237D315D00D1DF65 /* MSPublishTravelBaseCell.swift */,
				049034D6237D313400D1DF65 /* MSPublishTravelClickCell.swift */,
				049034DA237D316B00D1DF65 /* MSPublishTravelTextViewCell.swift */,
				049034DC237D318100D1DF65 /* MSPublishTravelTextFieldCell.swift */,
				049034DE237D319000D1DF65 /* MSPublishTravelFilesCell.swift */,
			);
			path = View;
			sourceTree = "<group>";
		};
		049034C9237D2A3900D1DF65 /* Model */ = {
			isa = PBXGroup;
			children = (
				049034CA237D2E5D00D1DF65 /* MSPublishTravelBaseModel.swift */,
				049034CC237D2EA700D1DF65 /* MSPublishTravelClickModel.swift */,
				049034CE237D2EDD00D1DF65 /* MSPublishTravelTextViewModel.swift */,
				049034D0237D2EF300D1DF65 /* MSPublishTravelTextFieldModel.swift */,
				049034D2237D2F1C00D1DF65 /* MSPublishTravelFilesModel.swift */,
			);
			path = Model;
			sourceTree = "<group>";
		};
		049034E2237D56A700D1DF65 /* ChoiceDate */ = {
			isa = PBXGroup;
			children = (
				049034E3237D56BE00D1DF65 /* MSChoiceDateViewController.swift */,
				049034E5237D586300D1DF65 /* MSChoiceDateView.swift */,
			);
			path = ChoiceDate;
			sourceTree = "<group>";
		};
		049034E7237D6F3E00D1DF65 /* ResourceManager */ = {
			isa = PBXGroup;
			children = (
				04903500237E89E800D1DF65 /* PHAsset */,
				049034FD237E49BB00D1DF65 /* AlbumDataManager */,
				049034F8237E472E00D1DF65 /* View */,
				049034F3237D759D00D1DF65 /* PageView */,
				049034E8237D6FDC00D1DF65 /* MSResourceManagerViewController.swift */,
			);
			path = ResourceManager;
			sourceTree = "<group>";
		};
		049034F3237D759D00D1DF65 /* PageView */ = {
			isa = PBXGroup;
			children = (
				049034F4237D759D00D1DF65 /* HLPageResultView.swift */,
				049034F5237D759D00D1DF65 /* HLPageView.swift */,
			);
			path = PageView;
			sourceTree = "<group>";
		};
		049034F8237E472E00D1DF65 /* View */ = {
			isa = PBXGroup;
			children = (
				040F8DCF23823B7D00834F41 /* AlbumFolderTableView */,
				049034F9237E474A00D1DF65 /* MSAlbumCollectionView.swift */,
				049034FB237E475500D1DF65 /* MSAlbumCollectionViewCell.swift */,
				04903503237EB10400D1DF65 /* MSAlbumFolderView.swift */,
			);
			path = View;
			sourceTree = "<group>";
		};
		049034FD237E49BB00D1DF65 /* AlbumDataManager */ = {
			isa = PBXGroup;
			children = (
				049034FE237E49C300D1DF65 /* MSAlbumDataManager.swift */,
			);
			path = AlbumDataManager;
			sourceTree = "<group>";
		};
		04903500237E89E800D1DF65 /* PHAsset */ = {
			isa = PBXGroup;
			children = (
				04903501237E89F800D1DF65 /* MSPHAsset.swift */,
			);
			path = PHAsset;
			sourceTree = "<group>";
		};
		04B85C9623824E66008E8BF9 /* View */ = {
			isa = PBXGroup;
			children = (
				04B85C9A23824E87008E8BF9 /* MSMapView.swift */,
			);
			path = View;
			sourceTree = "<group>";
		};
		04B85C9723824E66008E8BF9 /* Controller */ = {
			isa = PBXGroup;
			children = (
				04B85C9823824E66008E8BF9 /* ShareViewController.swift */,
			);
			path = Controller;
			sourceTree = "<group>";
		};
		1C89E1F2B0D5CE86D7A36225 /* Frameworks */ = {
			isa = PBXGroup;
			children = (
				1A3051476B1329CCA0ED583C /* Pods_MotoShare.framework */,
			);
			name = Frameworks;
			sourceTree = "<group>";
		};
		CB2C72BB237B110300FEC788 /* Query */ = {
			isa = PBXGroup;
			children = (
				CB2C72BC237B111B00FEC788 /* MSQueryViewController.swift */,
			);
			path = Query;
			sourceTree = "<group>";
		};
		D73465522386649100798807 /* View */ = {
			isa = PBXGroup;
			children = (
				D7A034E52386950C00AF26A4 /* New Group */,
				D73465502386644400798807 /* LoginPhoneView.swift */,
				D734655323866B0000798807 /* LoginCodeView.swift */,
				D7B7CAC12386809C003C3607 /* LoginButton.swift */,
			);
			name = View;
			sourceTree = "<group>";
		};
		D7A034E52386950C00AF26A4 /* New Group */ = {
			isa = PBXGroup;
			children = (
			);
			name = "New Group";
			sourceTree = "<group>";
		};
		D7AF4CD72367D84B009957D4 = {
			isa = PBXGroup;
			children = (
				D7AF4CE22367D84B009957D4 /* MotoShare */,
				D7AF4CE12367D84B009957D4 /* Products */,
				F4F28101DE451A85297BFD3E /* Pods */,
				1C89E1F2B0D5CE86D7A36225 /* Frameworks */,
			);
			sourceTree = "<group>";
		};
		D7AF4CE12367D84B009957D4 /* Products */ = {
			isa = PBXGroup;
			children = (
				D7AF4CE02367D84B009957D4 /* 摩滴共享.app */,
			);
			name = Products;
			sourceTree = "<group>";
		};
		D7AF4CE22367D84B009957D4 /* MotoShare */ = {
			isa = PBXGroup;
			children = (
				D7B43B67237BA2660035755F /* Tools */,
				D7AF4D132367D9D7009957D4 /* BaseClass */,
				D7AF4D192367D9D7009957D4 /* Extension */,
				D7AF4D232367D9D7009957D4 /* Macro */,
				D7AF4D0A2367D96B009957D4 /* Module */,
				D7AF4CF82367D88E009957D4 /* Other */,
				D7AF4CF72367D86F009957D4 /* Main */,
			);
			path = MotoShare;
			sourceTree = "<group>";
		};
		D7AF4CF72367D86F009957D4 /* Main */ = {
			isa = PBXGroup;
			children = (
				D7AF4CE32367D84B009957D4 /* AppDelegate.swift */,
				04B85C9223824649008E8BF9 /* MotoShare-Bridging-Header.h */,
			);
			path = Main;
			sourceTree = "<group>";
		};
		D7AF4CF82367D88E009957D4 /* Other */ = {
			isa = PBXGroup;
			children = (
				D7AF4D0B2367D981009957D4 /* LaunchScreen.storyboard */,
				D7AF4CEC2367D84D009957D4 /* Assets.xcassets */,
				D7AF4D3D2367DA3B009957D4 /* Picture.xcassets */,
				D7AF4CF12367D84D009957D4 /* Info.plist */,
			);
			path = Other;
			sourceTree = "<group>";
		};
		D7AF4CF92367D89A009957D4 /* Home */ = {
			isa = PBXGroup;
			children = (
				D7AF4D002367D91B009957D4 /* HomeViewController.swift */,
				D7B43B55237A9F330035755F /* View */,
			);
			path = Home;
			sourceTree = "<group>";
		};
		D7AF4CFA2367D8C0009957D4 /* Rent */ = {
			isa = PBXGroup;
			children = (
				04642C7E23862EFA005131D7 /* PublishRentDemand */,
				041C3980237BE638007FA74A /* ChoiceCity */,
				041C3981237BE638007FA74A /* RentDetail */,
				041C3973237BAC8A007FA74A /* rent */,
			);
			path = Rent;
			sourceTree = "<group>";
		};
		D7AF4CFB2367D8D4009957D4 /* Demand */ = {
			isa = PBXGroup;
			children = (
				041C3986237BF24E007FA74A /* demand */,
			);
			path = Demand;
			sourceTree = "<group>";
		};
		D7AF4CFC2367D8DA009957D4 /* Travel */ = {
			isa = PBXGroup;
			children = (
				049034E7237D6F3E00D1DF65 /* ResourceManager */,
				049034E2237D56A700D1DF65 /* ChoiceDate */,
				049034C5237D078700D1DF65 /* PublishTravel */,
				049034B8237CEF5800D1DF65 /* travel */,
			);
			path = Travel;
			sourceTree = "<group>";
		};
		D7AF4CFD2367D8E3009957D4 /* Me */ = {
			isa = PBXGroup;
			children = (
				D7AF4D082367D94A009957D4 /* MeViewController.swift */,
				D7B43B78237D260C0035755F /* ViewController */,
				D7B43B72237CF0270035755F /* Model */,
				D7B43B6F237CEC940035755F /* View */,
			);
			path = Me;
			sourceTree = "<group>";
		};
		D7AF4D0A2367D96B009957D4 /* Module */ = {
			isa = PBXGroup;
			children = (
				D7B43B64237B9D5E0035755F /* Share */,
				CB2C72BB237B110300FEC788 /* Query */,
				D7B43B52237A4A5D0035755F /* Login */,
				D7AF4CFD2367D8E3009957D4 /* Me */,
				D7AF4CFC2367D8DA009957D4 /* Travel */,
				D7AF4CFB2367D8D4009957D4 /* Demand */,
				D7AF4CFA2367D8C0009957D4 /* Rent */,
				D7AF4CF92367D89A009957D4 /* Home */,
			);
			path = Module;
			sourceTree = "<group>";
		};
		D7AF4D132367D9D7009957D4 /* BaseClass */ = {
			isa = PBXGroup;
			children = (
				041C3920237BAB53007FA74A /* H_Base */,
				D7AF4D142367D9D7009957D4 /* BaseTabBarController.swift */,
				D7AF4D152367D9D7009957D4 /* BaseViewController.swift */,
				D7AF4D162367D9D7009957D4 /* BaseTableView.swift */,
				D7AF4D172367D9D7009957D4 /* BaseNavigationController.swift */,
				D7AF4D182367D9D7009957D4 /* BaseView.swift */,
			);
			path = BaseClass;
			sourceTree = "<group>";
		};
		D7AF4D192367D9D7009957D4 /* Extension */ = {
			isa = PBXGroup;
			children = (
				049034E0237D4DC300D1DF65 /* UITextFieldExtension.swift */,
				D7AF4D1A2367D9D7009957D4 /* UrlExtention.swift */,
				D7AF4D1B2367D9D7009957D4 /* UIViewIndicatorView.swift */,
				D7AF4D1C2367D9D7009957D4 /* UIColorDarkMode.swift */,
				D7AF4D1D2367D9D7009957D4 /* GLAppInfo.swift */,
				D7AF4D1E2367D9D7009957D4 /* UIViewControllerExtension.swift */,
				D7AF4D1F2367D9D7009957D4 /* ClassName.swift */,
				D7AF4D202367D9D7009957D4 /* StringExtension.swift */,
				D7AF4D212367D9D7009957D4 /* TabbarBadge.swift */,
				D7AF4D4723683641009957D4 /* TableViewCellReusable.swift */,
				D7AF4D222367D9D7009957D4 /* UIViewHUDExtension.swift */,
				D7AF4D5E23699B39009957D4 /* UiButtonExtension.swift */,
				D7AF4D67236BD857009957D4 /* UIViewExtension.swift */,
				D77854F3238628B700DEB6DE /* LoginViewExtension.swift */,
			);
			path = Extension;
			sourceTree = "<group>";
		};
		D7AF4D232367D9D7009957D4 /* Macro */ = {
			isa = PBXGroup;
			children = (
				D7AF4D242367D9D7009957D4 /* Constants.swift */,
				D7AF4D4923684429009957D4 /* Delegate.swift */,
				D7AF4D252367D9D7009957D4 /* ConfigMacro.swift */,
				D7AF4D262367D9D7009957D4 /* Header.swift */,
			);
			path = Macro;
			sourceTree = "<group>";
		};
		D7B43B52237A4A5D0035755F /* Login */ = {
			isa = PBXGroup;
			children = (
				D7B43B53237A4A7B0035755F /* LoginViewController.swift */,
				D73465522386649100798807 /* View */,
			);
			name = Login;
			sourceTree = "<group>";
		};
		D7B43B55237A9F330035755F /* View */ = {
			isa = PBXGroup;
			children = (
				D7B43B56237A9F490035755F /* HomeNavView.swift */,
				D7B43B5A237AB4380035755F /* HomeMainView.swift */,
				D7B43B58237AB4120035755F /* HomeBannerView.swift */,
				D7B43B5C237AB7B80035755F /* BannerCollectionViewCell.swift */,
			);
			path = View;
			sourceTree = "<group>";
		};
		D7B43B64237B9D5E0035755F /* Share */ = {
			isa = PBXGroup;
			children = (
				04B85C9723824E66008E8BF9 /* Controller */,
				04B85C9623824E66008E8BF9 /* View */,
			);
			path = Share;
			sourceTree = "<group>";
		};
		D7B43B67237BA2660035755F /* Tools */ = {
			isa = PBXGroup;
			children = (
				D7B43B68237BA26E0035755F /* FWSide */,
			);
			path = Tools;
			sourceTree = "<group>";
		};
		D7B43B68237BA26E0035755F /* FWSide */ = {
			isa = PBXGroup;
			children = (
				D7B43B69237BA2810035755F /* FWSideMenuContainerViewController.swift */,
				D7B43B6A237BA2810035755F /* FWSideMenuShadow.swift */,
				D7B43B6B237BA2810035755F /* UIViewController+FWSideMenuExtension.swift */,
			);
			path = FWSide;
			sourceTree = "<group>";
		};
		D7B43B6F237CEC940035755F /* View */ = {
			isa = PBXGroup;
			children = (
				D7B43B70237CECEA0035755F /* MeMainListView.swift */,
				D7B43B76237CFA4F0035755F /* MeListTableViewCell.swift */,
				D7C31901237E55C50029BCB8 /* MeSettingTableView.swift */,
				D7C31903237E59630029BCB8 /* SettingMainTableViewCell.swift */,
				D7C31905237E5DEB0029BCB8 /* SetLogoutTableViewCell.swift */,
				D7C31907237E640F0029BCB8 /* SettingDetailTableViewCell.swift */,
				D7C3190D237E9C020029BCB8 /* ContactTableViewCell.swift */,
				D7C3190F237E9F9C0029BCB8 /* ContactAddTableViewCell.swift */,
				D72711852382AA0600051A1B /* ManagerNunberTableViewCell.swift */,
				D72711842382AA0500051A1B /* ManagerPhone.swift */,
				D727118A2382B0E300051A1B /* MoneyMainTableViewCell.swift */,
				D727118C23838B0700051A1B /* BalanceView.swift */,
			);
			path = View;
			sourceTree = "<group>";
		};
		D7B43B72237CF0270035755F /* Model */ = {
			isa = PBXGroup;
			children = (
				D7B43B73237CF0390035755F /* MeModel.swift */,
			);
			path = Model;
			sourceTree = "<group>";
		};
		D7B43B78237D260C0035755F /* ViewController */ = {
			isa = PBXGroup;
			children = (
				D7B43B79237D26290035755F /* SettingViewController.swift */,
				D7C31909237E7C5F0029BCB8 /* AboutViewController.swift */,
				D7C3190B237E8D3E0029BCB8 /* ContactViewController.swift */,
				D7C31911237EABDF0029BCB8 /* ContactManageViewController.swift */,
				D72711882382AB8400051A1B /* MoneyViewController.swift */,
				D727118E2383A19700051A1B /* GetMoneyViewController.swift */,
			);
			path = ViewController;
			sourceTree = "<group>";
		};
		F4F28101DE451A85297BFD3E /* Pods */ = {
			isa = PBXGroup;
			children = (
				4BCAA0436859B5372895A100 /* Pods-FoodRecipe.debug.xcconfig */,
				84D0AFB163E213BB2C654492 /* Pods-FoodRecipe.release.xcconfig */,
				58E610E719334776F82825DC /* Pods-MotoShare.debug.xcconfig */,
				215459550287FA041196F067 /* Pods-MotoShare.release.xcconfig */,
			);
			path = Pods;
			sourceTree = "<group>";
		};
/* End PBXGroup section */

/* Begin PBXNativeTarget section */
		D7AF4CDF2367D84B009957D4 /* MotoShare */ = {
			isa = PBXNativeTarget;
			buildConfigurationList = D7AF4CF42367D84D009957D4 /* Build configuration list for PBXNativeTarget "MotoShare" */;
			buildPhases = (
				C642DB92AA8C5A8E58AAAC82 /* [CP] Check Pods Manifest.lock */,
				D7AF4CDC2367D84B009957D4 /* Sources */,
				D7AF4CDD2367D84B009957D4 /* Frameworks */,
				D7AF4CDE2367D84B009957D4 /* Resources */,
				0BE2F3365842C509EF3487EB /* [CP] Embed Pods Frameworks */,
				9B187FEDFDE821E03EDA5EBA /* [CP] Copy Pods Resources */,
			);
			buildRules = (
			);
			dependencies = (
			);
			name = MotoShare;
			productName = FoodRecipe;
			productReference = D7AF4CE02367D84B009957D4 /* 摩滴共享.app */;
			productType = "com.apple.product-type.application";
		};
/* End PBXNativeTarget section */

/* Begin PBXProject section */
		D7AF4CD82367D84B009957D4 /* Project object */ = {
			isa = PBXProject;
			attributes = {
				CLASSPREFIX = MS;
				LastSwiftUpdateCheck = 1110;
				LastUpgradeCheck = 1110;
				ORGANIZATIONNAME = Bingo;
				TargetAttributes = {
					D7AF4CDF2367D84B009957D4 = {
						CreatedOnToolsVersion = 11.1;
						LastSwiftMigration = 1120;
					};
				};
			};
			buildConfigurationList = D7AF4CDB2367D84B009957D4 /* Build configuration list for PBXProject "MotoShare" */;
			compatibilityVersion = "Xcode 9.3";
			developmentRegion = en;
			hasScannedForEncodings = 0;
			knownRegions = (
				en,
				Base,
				"zh-Hans",
			);
			mainGroup = D7AF4CD72367D84B009957D4;
			productRefGroup = D7AF4CE12367D84B009957D4 /* Products */;
			projectDirPath = "";
			projectRoot = "";
			targets = (
				D7AF4CDF2367D84B009957D4 /* MotoShare */,
			);
		};
/* End PBXProject section */

/* Begin PBXResourcesBuildPhase section */
		D7AF4CDE2367D84B009957D4 /* Resources */ = {
			isa = PBXResourcesBuildPhase;
			buildActionMask = 2147483647;
			files = (
				D7AF4D3E2367DA3B009957D4 /* Picture.xcassets in Resources */,
				041C396D237BAB53007FA74A /* noData_icon@2x.png in Resources */,
				041C396C237BAB53007FA74A /* noNetwork_icon@2x.png in Resources */,
				041C396B237BAB53007FA74A /* noNetwork_icon@3x.png in Resources */,
				041C396A237BAB53007FA74A /* noData_icon@3x.png in Resources */,
				D7AF4D0C2367D981009957D4 /* LaunchScreen.storyboard in Resources */,
				D7AF4CED2367D84D009957D4 /* Assets.xcassets in Resources */,
				041C3969237BAB53007FA74A /* error_icon@2x.png in Resources */,
				041C3968237BAB53007FA74A /* error_icon@3x.png in Resources */,
			);
			runOnlyForDeploymentPostprocessing = 0;
		};
/* End PBXResourcesBuildPhase section */

/* Begin PBXShellScriptBuildPhase section */
		0BE2F3365842C509EF3487EB /* [CP] Embed Pods Frameworks */ = {
			isa = PBXShellScriptBuildPhase;
			buildActionMask = 2147483647;
			files = (
			);
			inputFileListPaths = (
			);
			name = "[CP] Embed Pods Frameworks";
			outputFileListPaths = (
			);
			runOnlyForDeploymentPostprocessing = 0;
			shellPath = /bin/sh;
			shellScript = "\"${PODS_ROOT}/Target Support Files/Pods-MotoShare/Pods-MotoShare-frameworks.sh\"\n";
			showEnvVarsInLog = 0;
		};
		9B187FEDFDE821E03EDA5EBA /* [CP] Copy Pods Resources */ = {
			isa = PBXShellScriptBuildPhase;
			buildActionMask = 2147483647;
			files = (
			);
			inputFileListPaths = (
			);
			name = "[CP] Copy Pods Resources";
			outputFileListPaths = (
			);
			runOnlyForDeploymentPostprocessing = 0;
			shellPath = /bin/sh;
			shellScript = "\"${PODS_ROOT}/Target Support Files/Pods-MotoShare/Pods-MotoShare-resources.sh\"\n";
			showEnvVarsInLog = 0;
		};
		C642DB92AA8C5A8E58AAAC82 /* [CP] Check Pods Manifest.lock */ = {
			isa = PBXShellScriptBuildPhase;
			buildActionMask = 2147483647;
			files = (
			);
			inputFileListPaths = (
			);
			inputPaths = (
				"${PODS_PODFILE_DIR_PATH}/Podfile.lock",
				"${PODS_ROOT}/Manifest.lock",
			);
			name = "[CP] Check Pods Manifest.lock";
			outputFileListPaths = (
			);
			outputPaths = (
				"$(DERIVED_FILE_DIR)/Pods-MotoShare-checkManifestLockResult.txt",
			);
			runOnlyForDeploymentPostprocessing = 0;
			shellPath = /bin/sh;
			shellScript = "diff \"${PODS_PODFILE_DIR_PATH}/Podfile.lock\" \"${PODS_ROOT}/Manifest.lock\" > /dev/null\nif [ $? != 0 ] ; then\n    # print error to STDERR\n    echo \"error: The sandbox is not in sync with the Podfile.lock. Run 'pod install' or update your CocoaPods installation.\" >&2\n    exit 1\nfi\n# This output is used by Xcode 'outputs' to avoid re-running this script phase.\necho \"SUCCESS\" > \"${SCRIPT_OUTPUT_FILE_0}\"\n";
			showEnvVarsInLog = 0;
		};
/* End PBXShellScriptBuildPhase section */

/* Begin PBXSourcesBuildPhase section */
		D7AF4CDC2367D84B009957D4 /* Sources */ = {
			isa = PBXSourcesBuildPhase;
			buildActionMask = 2147483647;
			files = (
				D7C31908237E640F0029BCB8 /* SettingDetailTableViewCell.swift in Sources */,
				D7C31906237E5DEB0029BCB8 /* SetLogoutTableViewCell.swift in Sources */,
				049034C2237CEFB900D1DF65 /* MSTranvelOptionView.swift in Sources */,
				D7AF4D332367D9D7009957D4 /* UIColorDarkMode.swift in Sources */,
				041C3970237BAB53007FA74A /* HBSBaseViewExtension.swift in Sources */,
				D7B7CAC22386809C003C3607 /* LoginButton.swift in Sources */,
				041C3994237BF2F6007FA74A /* MSDemandListOptionView.swift in Sources */,
				04642C7B2383FC81005131D7 /* MSPublishFileCollectionViewCell.swift in Sources */,
				D734655423866B0000798807 /* LoginCodeView.swift in Sources */,
				049034BE237CEF9400D1DF65 /* MSTravelListTableView.swift in Sources */,
				D73465512386644400798807 /* LoginPhoneView.swift in Sources */,
				049034C4237CEFCB00D1DF65 /* MSTravelListModel.swift in Sources */,
				049034CF237D2EDD00D1DF65 /* MSPublishTravelTextViewModel.swift in Sources */,
				049034C7237D079D00D1DF65 /* MSPublishTravelViewController.swift in Sources */,
				04642C7D2383FC94005131D7 /* MSPublishAddFileCollectionViewCell.swift in Sources */,
				049034D3237D2F1C00D1DF65 /* MSPublishTravelFilesModel.swift in Sources */,
				D7C31904237E59630029BCB8 /* SettingMainTableViewCell.swift in Sources */,
				D7AF4D2C2367D9D7009957D4 /* BaseTabBarController.swift in Sources */,
				D7AF4D322367D9D7009957D4 /* UIViewIndicatorView.swift in Sources */,
				041C397D237BACDC007FA74A /* MSRentListModel.swift in Sources */,
				041C395A237BAB53007FA74A /* HBSFontExtension.swift in Sources */,
				049034DB237D316B00D1DF65 /* MSPublishTravelTextViewCell.swift in Sources */,
				041C395C237BAB53007FA74A /* HBSColorExtension.swift in Sources */,
				D7AF4D092367D94A009957D4 /* MeViewController.swift in Sources */,
				D7AF4D68236BD857009957D4 /* UIViewExtension.swift in Sources */,
				049034D9237D315D00D1DF65 /* MSPublishTravelBaseCell.swift in Sources */,
				041C3953237BAB53007FA74A /* HBSMethodHeader.swift in Sources */,
				D72711872382AA0600051A1B /* ManagerNunberTableViewCell.swift in Sources */,
				049034D5237D312200D1DF65 /* MSPublisthTravelTableView.swift in Sources */,
				041C398C237BF265007FA74A /* MSDemandListModel.swift in Sources */,
				041C3985237BE658007FA74A /* MSChoiceCityViewController.swift in Sources */,
				041C3975237BAC8A007FA74A /* RentViewController.swift in Sources */,
				D7AF4D3B2367D9D7009957D4 /* ConfigMacro.swift in Sources */,
				049034D1237D2EF300D1DF65 /* MSPublishTravelTextFieldModel.swift in Sources */,
				D7AF4D372367D9D7009957D4 /* StringExtension.swift in Sources */,
				D7C3190C237E8D3E0029BCB8 /* ContactViewController.swift in Sources */,
				049034F7237D759D00D1DF65 /* HLPageView.swift in Sources */,
				D7AF4D352367D9D7009957D4 /* UIViewControllerExtension.swift in Sources */,
				041C3954237BAB53007FA74A /* HBSHeadFileHeader.swift in Sources */,
				041C397B237BACC9007FA74A /* MSRentListCell.swift in Sources */,
				04903502237E89F900D1DF65 /* MSPHAsset.swift in Sources */,
				041C395E237BAB53007FA74A /* HBSNetworkManager.swift in Sources */,
				041C397F237BD8A7007FA74A /* MSRentListOptionView.swift in Sources */,
				041C3967237BAB53007FA74A /* HBSBaseCollectionView.swift in Sources */,
				049034CD237D2EA700D1DF65 /* MSPublishTravelClickModel.swift in Sources */,
				041C3983237BE64C007FA74A /* MSRentDetailViewController.swift in Sources */,
				D7B43B59237AB4120035755F /* HomeBannerView.swift in Sources */,
				041C3971237BAB53007FA74A /* HBSBaseTipsView.swift in Sources */,
				D7B43B74237CF0390035755F /* MeModel.swift in Sources */,
				D7AF4D3C2367D9D7009957D4 /* Header.swift in Sources */,
				041C3960237BAB53007FA74A /* HBSBaseModel.swift in Sources */,
				D7AF4D382367D9D7009957D4 /* TabbarBadge.swift in Sources */,
				D7AF4D2D2367D9D7009957D4 /* BaseViewController.swift in Sources */,
				049034BC237CEF5800D1DF65 /* TravelViewController.swift in Sources */,
				041C3972237BAB53007FA74A /* HBSBaseView.swift in Sources */,
				041C3959237BAB53007FA74A /* HBSTableViewExtension.swift in Sources */,
				D727118D23838B0700051A1B /* BalanceView.swift in Sources */,
				D7C3190E237E9C020029BCB8 /* ContactTableViewCell.swift in Sources */,
				049034DD237D318100D1DF65 /* MSPublishTravelTextFieldCell.swift in Sources */,
				04B85C9B23824E87008E8BF9 /* MSMapView.swift in Sources */,
				041C396E237BAB53007FA74A /* HBSBaseTableView.swift in Sources */,
				049034E9237D6FDC00D1DF65 /* MSResourceManagerViewController.swift in Sources */,
				04903504237EB10400D1DF65 /* MSAlbumFolderView.swift in Sources */,
				D7C31910237E9F9C0029BCB8 /* ContactAddTableViewCell.swift in Sources */,
				D7B43B7A237D26290035755F /* SettingViewController.swift in Sources */,
				049034E6237D586300D1DF65 /* MSChoiceDateView.swift in Sources */,
				D72711862382AA0600051A1B /* ManagerPhone.swift in Sources */,
				041C3990237BF28A007FA74A /* MSDemandListCell.swift in Sources */,
				041C3955237BAB53007FA74A /* HBSProgressHUD.swift in Sources */,
				D7B43B5D237AB7B80035755F /* BannerCollectionViewCell.swift in Sources */,
				D7AF4D3A2367D9D7009957D4 /* Constants.swift in Sources */,
				D7C3190A237E7C5F0029BCB8 /* AboutViewController.swift in Sources */,
				D7B43B77237CFA4F0035755F /* MeListTableViewCell.swift in Sources */,
				D727118B2382B0E300051A1B /* MoneyMainTableViewCell.swift in Sources */,
				041C3962237BAB53007FA74A /* HBSViewEventObject.swift in Sources */,
				049034E4237D56BE00D1DF65 /* MSChoiceDateViewController.swift in Sources */,
				D7AF4CE42367D84B009957D4 /* AppDelegate.swift in Sources */,
				049034F6237D759D00D1DF65 /* HLPageResultView.swift in Sources */,
				04642C8023862F09005131D7 /* MSPublishRentDemandViewController.swift in Sources */,
				D77854F4238628B700DEB6DE /* LoginViewExtension.swift in Sources */,
				041C3951237BAB53007FA74A /* HBSBaseConstHeader.swift in Sources */,
				D7AF4D4A23684429009957D4 /* Delegate.swift in Sources */,
				041C3966237BAB53007FA74A /* HBSBaseCollectionViewCell.swift in Sources */,
				041C395B237BAB53007FA74A /* HBSViewExtension.swift in Sources */,
				049034D7237D313400D1DF65 /* MSPublishTravelClickCell.swift in Sources */,
				041C3963237BAB53007FA74A /* HBSBaseBannerView.swift in Sources */,
				D7B43B57237A9F490035755F /* HomeNavView.swift in Sources */,
				041C3992237BF2CF007FA74A /* MSDemandViewController.swift in Sources */,
				CB2C72BD237B111B00FEC788 /* MSQueryViewController.swift in Sources */,
				D7B43B54237A4A7B0035755F /* LoginViewController.swift in Sources */,
				049034FC237E475500D1DF65 /* MSAlbumCollectionViewCell.swift in Sources */,
				041C3961237BAB53007FA74A /* HBSArchiveManager.swift in Sources */,
				041C395D237BAB53007FA74A /* HBSNetworkError.swift in Sources */,
				041C3979237BACBB007FA74A /* MSRentListTableView.swift in Sources */,
				040F8DD123823B9700834F41 /* MSAlbumFolderTableView.swift in Sources */,
				D7B43B6D237BA2810035755F /* FWSideMenuShadow.swift in Sources */,
				049034CB237D2E5D00D1DF65 /* MSPublishTravelBaseModel.swift in Sources */,
				D7AF4D012367D91B009957D4 /* HomeViewController.swift in Sources */,
				049034FA237E474A00D1DF65 /* MSAlbumCollectionView.swift in Sources */,
				D7AF4D2E2367D9D7009957D4 /* BaseTableView.swift in Sources */,
				049034E1237D4DC300D1DF65 /* UITextFieldExtension.swift in Sources */,
				D7AF4D312367D9D7009957D4 /* UrlExtention.swift in Sources */,
				04B85C9923824E66008E8BF9 /* ShareViewController.swift in Sources */,
				D7B43B6E237BA2810035755F /* UIViewController+FWSideMenuExtension.swift in Sources */,
				041C398E237BF27A007FA74A /* MSDemandListTableView.swift in Sources */,
				D7B43B71237CECEA0035755F /* MeMainListView.swift in Sources */,
				D7AF4D392367D9D7009957D4 /* UIViewHUDExtension.swift in Sources */,
				D727118F2383A19700051A1B /* GetMoneyViewController.swift in Sources */,
				D72711892382AB8400051A1B /* MoneyViewController.swift in Sources */,
				D7AF4D362367D9D7009957D4 /* ClassName.swift in Sources */,
				D7AF4D342367D9D7009957D4 /* GLAppInfo.swift in Sources */,
				040F8DD323823BA700834F41 /* MSAlbumFolderTableViewCell.swift in Sources */,
				D7C31912237EABDF0029BCB8 /* ContactManageViewController.swift in Sources */,
				D7B43B5B237AB4380035755F /* HomeMainView.swift in Sources */,
				049034DF237D319000D1DF65 /* MSPublishTravelFilesCell.swift in Sources */,
				049034C0237CEFA300D1DF65 /* MSTravelListCell.swift in Sources */,
				D7AF4D2F2367D9D7009957D4 /* BaseNavigationController.swift in Sources */,
				041C3952237BAB53007FA74A /* HBSDevice.swift in Sources */,
				D7AF4D302367D9D7009957D4 /* BaseView.swift in Sources */,
				041C396F237BAB53007FA74A /* HBSBaseTableViewCell.swift in Sources */,
				D7C31902237E55C50029BCB8 /* MeSettingTableView.swift in Sources */,
				D7AF4D4823683641009957D4 /* TableViewCellReusable.swift in Sources */,
				049034FF237E49C300D1DF65 /* MSAlbumDataManager.swift in Sources */,
				D7AF4D5F23699B39009957D4 /* UiButtonExtension.swift in Sources */,
				04642C792383FC6C005131D7 /* MSPublishFileCollectionView.swift in Sources */,
				D7B43B6C237BA2810035755F /* FWSideMenuContainerViewController.swift in Sources */,
			);
			runOnlyForDeploymentPostprocessing = 0;
		};
/* End PBXSourcesBuildPhase section */

/* Begin XCBuildConfiguration section */
		D7AF4CF22367D84D009957D4 /* Debug */ = {
			isa = XCBuildConfiguration;
			buildSettings = {
				ALWAYS_SEARCH_USER_PATHS = NO;
				CLANG_ANALYZER_NONNULL = YES;
				CLANG_ANALYZER_NUMBER_OBJECT_CONVERSION = YES_AGGRESSIVE;
				CLANG_CXX_LANGUAGE_STANDARD = "gnu++14";
				CLANG_CXX_LIBRARY = "libc++";
				CLANG_ENABLE_MODULES = YES;
				CLANG_ENABLE_OBJC_ARC = YES;
				CLANG_ENABLE_OBJC_WEAK = YES;
				CLANG_WARN_BLOCK_CAPTURE_AUTORELEASING = YES;
				CLANG_WARN_BOOL_CONVERSION = YES;
				CLANG_WARN_COMMA = YES;
				CLANG_WARN_CONSTANT_CONVERSION = YES;
				CLANG_WARN_DEPRECATED_OBJC_IMPLEMENTATIONS = YES;
				CLANG_WARN_DIRECT_OBJC_ISA_USAGE = YES_ERROR;
				CLANG_WARN_DOCUMENTATION_COMMENTS = YES;
				CLANG_WARN_EMPTY_BODY = YES;
				CLANG_WARN_ENUM_CONVERSION = YES;
				CLANG_WARN_INFINITE_RECURSION = YES;
				CLANG_WARN_INT_CONVERSION = YES;
				CLANG_WARN_NON_LITERAL_NULL_CONVERSION = YES;
				CLANG_WARN_OBJC_IMPLICIT_RETAIN_SELF = YES;
				CLANG_WARN_OBJC_LITERAL_CONVERSION = YES;
				CLANG_WARN_OBJC_ROOT_CLASS = YES_ERROR;
				CLANG_WARN_RANGE_LOOP_ANALYSIS = YES;
				CLANG_WARN_STRICT_PROTOTYPES = YES;
				CLANG_WARN_SUSPICIOUS_MOVE = YES;
				CLANG_WARN_UNGUARDED_AVAILABILITY = YES_AGGRESSIVE;
				CLANG_WARN_UNREACHABLE_CODE = YES;
				CLANG_WARN__DUPLICATE_METHOD_MATCH = YES;
				COPY_PHASE_STRIP = NO;
				DEBUG_INFORMATION_FORMAT = dwarf;
				ENABLE_STRICT_OBJC_MSGSEND = YES;
				ENABLE_TESTABILITY = YES;
				GCC_C_LANGUAGE_STANDARD = gnu11;
				GCC_DYNAMIC_NO_PIC = NO;
				GCC_NO_COMMON_BLOCKS = YES;
				GCC_OPTIMIZATION_LEVEL = 0;
				GCC_PREPROCESSOR_DEFINITIONS = (
					"DEBUG=1",
					"$(inherited)",
				);
				GCC_WARN_64_TO_32_BIT_CONVERSION = YES;
				GCC_WARN_ABOUT_RETURN_TYPE = YES_ERROR;
				GCC_WARN_UNDECLARED_SELECTOR = YES;
				GCC_WARN_UNINITIALIZED_AUTOS = YES_AGGRESSIVE;
				GCC_WARN_UNUSED_FUNCTION = YES;
				GCC_WARN_UNUSED_VARIABLE = YES;
				IPHONEOS_DEPLOYMENT_TARGET = 13.1;
				MTL_ENABLE_DEBUG_INFO = INCLUDE_SOURCE;
				MTL_FAST_MATH = YES;
				ONLY_ACTIVE_ARCH = YES;
				SDKROOT = iphoneos;
				SWIFT_ACTIVE_COMPILATION_CONDITIONS = DEBUG;
				SWIFT_OPTIMIZATION_LEVEL = "-Onone";
			};
			name = Debug;
		};
		D7AF4CF32367D84D009957D4 /* Release */ = {
			isa = XCBuildConfiguration;
			buildSettings = {
				ALWAYS_SEARCH_USER_PATHS = NO;
				CLANG_ANALYZER_NONNULL = YES;
				CLANG_ANALYZER_NUMBER_OBJECT_CONVERSION = YES_AGGRESSIVE;
				CLANG_CXX_LANGUAGE_STANDARD = "gnu++14";
				CLANG_CXX_LIBRARY = "libc++";
				CLANG_ENABLE_MODULES = YES;
				CLANG_ENABLE_OBJC_ARC = YES;
				CLANG_ENABLE_OBJC_WEAK = YES;
				CLANG_WARN_BLOCK_CAPTURE_AUTORELEASING = YES;
				CLANG_WARN_BOOL_CONVERSION = YES;
				CLANG_WARN_COMMA = YES;
				CLANG_WARN_CONSTANT_CONVERSION = YES;
				CLANG_WARN_DEPRECATED_OBJC_IMPLEMENTATIONS = YES;
				CLANG_WARN_DIRECT_OBJC_ISA_USAGE = YES_ERROR;
				CLANG_WARN_DOCUMENTATION_COMMENTS = YES;
				CLANG_WARN_EMPTY_BODY = YES;
				CLANG_WARN_ENUM_CONVERSION = YES;
				CLANG_WARN_INFINITE_RECURSION = YES;
				CLANG_WARN_INT_CONVERSION = YES;
				CLANG_WARN_NON_LITERAL_NULL_CONVERSION = YES;
				CLANG_WARN_OBJC_IMPLICIT_RETAIN_SELF = YES;
				CLANG_WARN_OBJC_LITERAL_CONVERSION = YES;
				CLANG_WARN_OBJC_ROOT_CLASS = YES_ERROR;
				CLANG_WARN_RANGE_LOOP_ANALYSIS = YES;
				CLANG_WARN_STRICT_PROTOTYPES = YES;
				CLANG_WARN_SUSPICIOUS_MOVE = YES;
				CLANG_WARN_UNGUARDED_AVAILABILITY = YES_AGGRESSIVE;
				CLANG_WARN_UNREACHABLE_CODE = YES;
				CLANG_WARN__DUPLICATE_METHOD_MATCH = YES;
				COPY_PHASE_STRIP = NO;
				DEBUG_INFORMATION_FORMAT = "dwarf-with-dsym";
				ENABLE_NS_ASSERTIONS = NO;
				ENABLE_STRICT_OBJC_MSGSEND = YES;
				GCC_C_LANGUAGE_STANDARD = gnu11;
				GCC_NO_COMMON_BLOCKS = YES;
				GCC_WARN_64_TO_32_BIT_CONVERSION = YES;
				GCC_WARN_ABOUT_RETURN_TYPE = YES_ERROR;
				GCC_WARN_UNDECLARED_SELECTOR = YES;
				GCC_WARN_UNINITIALIZED_AUTOS = YES_AGGRESSIVE;
				GCC_WARN_UNUSED_FUNCTION = YES;
				GCC_WARN_UNUSED_VARIABLE = YES;
				IPHONEOS_DEPLOYMENT_TARGET = 13.1;
				MTL_ENABLE_DEBUG_INFO = NO;
				MTL_FAST_MATH = YES;
				SDKROOT = iphoneos;
				SWIFT_COMPILATION_MODE = wholemodule;
				SWIFT_OPTIMIZATION_LEVEL = "-O";
				VALIDATE_PRODUCT = YES;
			};
			name = Release;
		};
		D7AF4CF52367D84D009957D4 /* Debug */ = {
			isa = XCBuildConfiguration;
			baseConfigurationReference = 58E610E719334776F82825DC /* Pods-MotoShare.debug.xcconfig */;
			buildSettings = {
				ASSETCATALOG_COMPILER_APPICON_NAME = AppIcon;
				CLANG_ENABLE_MODULES = YES;
				CODE_SIGN_IDENTITY = "iPhone Developer";
				CODE_SIGN_STYLE = Manual;
				CURRENT_PROJECT_VERSION = 1;
				DEVELOPMENT_TEAM = PZ5LU67724;
				INFOPLIST_FILE = "$(SRCROOT)/MotoShare/Other/Info.plist";
				IPHONEOS_DEPLOYMENT_TARGET = 10.0;
				LD_RUNPATH_SEARCH_PATHS = (
					"$(inherited)",
					"@executable_path/Frameworks",
				);
				MARKETING_VERSION = 1;
				PRODUCT_BUNDLE_IDENTIFIER = net.xuntong.xtt;
				PRODUCT_NAME = "摩滴共享";
				PROVISIONING_PROFILE_SPECIFIER = xuntongDev;
				SWIFT_OBJC_BRIDGING_HEADER = "MotoShare/Main/MotoShare-Bridging-Header.h";
				SWIFT_OPTIMIZATION_LEVEL = "-Onone";
				SWIFT_VERSION = 5.0;
				TARGETED_DEVICE_FAMILY = 1;
			};
			name = Debug;
		};
		D7AF4CF62367D84D009957D4 /* Release */ = {
			isa = XCBuildConfiguration;
			baseConfigurationReference = 215459550287FA041196F067 /* Pods-MotoShare.release.xcconfig */;
			buildSettings = {
				ASSETCATALOG_COMPILER_APPICON_NAME = AppIcon;
				CLANG_ENABLE_MODULES = YES;
				CODE_SIGN_IDENTITY = "iPhone Developer";
				CODE_SIGN_STYLE = Manual;
				CURRENT_PROJECT_VERSION = 1;
				DEVELOPMENT_TEAM = PZ5LU67724;
				INFOPLIST_FILE = "$(SRCROOT)/MotoShare/Other/Info.plist";
				IPHONEOS_DEPLOYMENT_TARGET = 10.0;
				LD_RUNPATH_SEARCH_PATHS = (
					"$(inherited)",
					"@executable_path/Frameworks",
				);
				MARKETING_VERSION = 1;
				PRODUCT_BUNDLE_IDENTIFIER = net.xuntong.xtt;
				PRODUCT_NAME = "摩滴共享";
				PROVISIONING_PROFILE_SPECIFIER = xuntongDev;
				SWIFT_OBJC_BRIDGING_HEADER = "MotoShare/Main/MotoShare-Bridging-Header.h";
				SWIFT_VERSION = 5.0;
				TARGETED_DEVICE_FAMILY = 1;
			};
			name = Release;
		};
/* End XCBuildConfiguration section */

/* Begin XCConfigurationList section */
		D7AF4CDB2367D84B009957D4 /* Build configuration list for PBXProject "MotoShare" */ = {
			isa = XCConfigurationList;
			buildConfigurations = (
				D7AF4CF22367D84D009957D4 /* Debug */,
				D7AF4CF32367D84D009957D4 /* Release */,
			);
			defaultConfigurationIsVisible = 0;
			defaultConfigurationName = Release;
		};
		D7AF4CF42367D84D009957D4 /* Build configuration list for PBXNativeTarget "MotoShare" */ = {
			isa = XCConfigurationList;
			buildConfigurations = (
				D7AF4CF52367D84D009957D4 /* Debug */,
				D7AF4CF62367D84D009957D4 /* Release */,
			);
			defaultConfigurationIsVisible = 0;
			defaultConfigurationName = Release;
		};
/* End XCConfigurationList section */
	};
	rootObject = D7AF4CD82367D84B009957D4 /* Project object */;
}
