// !$*UTF8*$!
{
	archiveVersion = 1;
	classes = {
	};
	objectVersion = 51;
	objects = {

/* Begin PBXBuildFile section */
		947506F1842C6E97CF08E5F3 /* Pods_MotoShare.framework in Frameworks */ = {isa = PBXBuildFile; fileRef = 1A3051476B1329CCA0ED583C /* Pods_MotoShare.framework */; };
		D7AF4CE42367D84B009957D4 /* AppDelegate.swift in Sources */ = {isa = PBXBuildFile; fileRef = D7AF4CE32367D84B009957D4 /* AppDelegate.swift */; };
		D7AF4CED2367D84D009957D4 /* Assets.xcassets in Resources */ = {isa = PBXBuildFile; fileRef = D7AF4CEC2367D84D009957D4 /* Assets.xcassets */; };
		D7AF4D012367D91B009957D4 /* HomeViewController.swift in Sources */ = {isa = PBXBuildFile; fileRef = D7AF4D002367D91B009957D4 /* HomeViewController.swift */; };
		D7AF4D032367D928009957D4 /* RentViewController.swift in Sources */ = {isa = PBXBuildFile; fileRef = D7AF4D022367D928009957D4 /* RentViewController.swift */; };
		D7AF4D052367D934009957D4 /* AddViewController.swift in Sources */ = {isa = PBXBuildFile; fileRef = D7AF4D042367D934009957D4 /* AddViewController.swift */; };
		D7AF4D072367D93E009957D4 /* TravelViewController.swift in Sources */ = {isa = PBXBuildFile; fileRef = D7AF4D062367D93E009957D4 /* TravelViewController.swift */; };
		D7AF4D092367D94A009957D4 /* MeViewController.swift in Sources */ = {isa = PBXBuildFile; fileRef = D7AF4D082367D94A009957D4 /* MeViewController.swift */; };
		D7AF4D0C2367D981009957D4 /* LaunchScreen.storyboard in Resources */ = {isa = PBXBuildFile; fileRef = D7AF4D0B2367D981009957D4 /* LaunchScreen.storyboard */; };
		D7AF4D2C2367D9D7009957D4 /* BaseTabBarController.swift in Sources */ = {isa = PBXBuildFile; fileRef = D7AF4D142367D9D7009957D4 /* BaseTabBarController.swift */; };
		D7AF4D2D2367D9D7009957D4 /* BaseViewController.swift in Sources */ = {isa = PBXBuildFile; fileRef = D7AF4D152367D9D7009957D4 /* BaseViewController.swift */; };
		D7AF4D2E2367D9D7009957D4 /* BaseTableView.swift in Sources */ = {isa = PBXBuildFile; fileRef = D7AF4D162367D9D7009957D4 /* BaseTableView.swift */; };
		D7AF4D2F2367D9D7009957D4 /* BaseNavigationController.swift in Sources */ = {isa = PBXBuildFile; fileRef = D7AF4D172367D9D7009957D4 /* BaseNavigationController.swift */; };
		D7AF4D302367D9D7009957D4 /* BaseView.swift in Sources */ = {isa = PBXBuildFile; fileRef = D7AF4D182367D9D7009957D4 /* BaseView.swift */; };
		D7AF4D312367D9D7009957D4 /* UrlExtention.swift in Sources */ = {isa = PBXBuildFile; fileRef = D7AF4D1A2367D9D7009957D4 /* UrlExtention.swift */; };
		D7AF4D322367D9D7009957D4 /* UIViewIndicatorView.swift in Sources */ = {isa = PBXBuildFile; fileRef = D7AF4D1B2367D9D7009957D4 /* UIViewIndicatorView.swift */; };
		D7AF4D332367D9D7009957D4 /* UIColorDarkMode.swift in Sources */ = {isa = PBXBuildFile; fileRef = D7AF4D1C2367D9D7009957D4 /* UIColorDarkMode.swift */; };
		D7AF4D342367D9D7009957D4 /* GLAppInfo.swift in Sources */ = {isa = PBXBuildFile; fileRef = D7AF4D1D2367D9D7009957D4 /* GLAppInfo.swift */; };
		D7AF4D352367D9D7009957D4 /* UIViewControllerExtension.swift in Sources */ = {isa = PBXBuildFile; fileRef = D7AF4D1E2367D9D7009957D4 /* UIViewControllerExtension.swift */; };
		D7AF4D362367D9D7009957D4 /* ClassName.swift in Sources */ = {isa = PBXBuildFile; fileRef = D7AF4D1F2367D9D7009957D4 /* ClassName.swift */; };
		D7AF4D372367D9D7009957D4 /* StringExtension.swift in Sources */ = {isa = PBXBuildFile; fileRef = D7AF4D202367D9D7009957D4 /* StringExtension.swift */; };
		D7AF4D382367D9D7009957D4 /* TabbarBadge.swift in Sources */ = {isa = PBXBuildFile; fileRef = D7AF4D212367D9D7009957D4 /* TabbarBadge.swift */; };
		D7AF4D392367D9D7009957D4 /* UIViewHUDExtension.swift in Sources */ = {isa = PBXBuildFile; fileRef = D7AF4D222367D9D7009957D4 /* UIViewHUDExtension.swift */; };
		D7AF4D3A2367D9D7009957D4 /* Constants.swift in Sources */ = {isa = PBXBuildFile; fileRef = D7AF4D242367D9D7009957D4 /* Constants.swift */; };
		D7AF4D3B2367D9D7009957D4 /* ConfigMacro.swift in Sources */ = {isa = PBXBuildFile; fileRef = D7AF4D252367D9D7009957D4 /* ConfigMacro.swift */; };
		D7AF4D3C2367D9D7009957D4 /* Header.swift in Sources */ = {isa = PBXBuildFile; fileRef = D7AF4D262367D9D7009957D4 /* Header.swift */; };
		D7AF4D3E2367DA3B009957D4 /* Picture.xcassets in Resources */ = {isa = PBXBuildFile; fileRef = D7AF4D3D2367DA3B009957D4 /* Picture.xcassets */; };
		D7AF4D402367DC27009957D4 /* MainViewController.swift in Sources */ = {isa = PBXBuildFile; fileRef = D7AF4D3F2367DC27009957D4 /* MainViewController.swift */; };
		D7AF4D4823683641009957D4 /* TableViewCellReusable.swift in Sources */ = {isa = PBXBuildFile; fileRef = D7AF4D4723683641009957D4 /* TableViewCellReusable.swift */; };
		D7AF4D4A23684429009957D4 /* Delegate.swift in Sources */ = {isa = PBXBuildFile; fileRef = D7AF4D4923684429009957D4 /* Delegate.swift */; };
		D7AF4D5F23699B39009957D4 /* UiButtonExtension.swift in Sources */ = {isa = PBXBuildFile; fileRef = D7AF4D5E23699B39009957D4 /* UiButtonExtension.swift */; };
		D7AF4D68236BD857009957D4 /* UIViewExtension.swift in Sources */ = {isa = PBXBuildFile; fileRef = D7AF4D67236BD857009957D4 /* UIViewExtension.swift */; };
		D7B43B54237A4A7B0035755F /* LoginViewController.swift in Sources */ = {isa = PBXBuildFile; fileRef = D7B43B53237A4A7B0035755F /* LoginViewController.swift */; };
		D7B43B57237A9F490035755F /* HomeNavView.swift in Sources */ = {isa = PBXBuildFile; fileRef = D7B43B56237A9F490035755F /* HomeNavView.swift */; };
		D7B43B59237AB4120035755F /* HomeBannerView.swift in Sources */ = {isa = PBXBuildFile; fileRef = D7B43B58237AB4120035755F /* HomeBannerView.swift */; };
		D7B43B5B237AB4380035755F /* HomeMainView.swift in Sources */ = {isa = PBXBuildFile; fileRef = D7B43B5A237AB4380035755F /* HomeMainView.swift */; };
		D7B43B5D237AB7B80035755F /* BannerCollectionViewCell.swift in Sources */ = {isa = PBXBuildFile; fileRef = D7B43B5C237AB7B80035755F /* BannerCollectionViewCell.swift */; };
		D7B43B5F237ADA630035755F /* TViewController.swift in Sources */ = {isa = PBXBuildFile; fileRef = D7B43B5E237ADA630035755F /* TViewController.swift */; };
/* End PBXBuildFile section */

/* Begin PBXFileReference section */
		1A3051476B1329CCA0ED583C /* Pods_MotoShare.framework */ = {isa = PBXFileReference; explicitFileType = wrapper.framework; includeInIndex = 0; path = Pods_MotoShare.framework; sourceTree = BUILT_PRODUCTS_DIR; };
		215459550287FA041196F067 /* Pods-MotoShare.release.xcconfig */ = {isa = PBXFileReference; includeInIndex = 1; lastKnownFileType = text.xcconfig; name = "Pods-MotoShare.release.xcconfig"; path = "Target Support Files/Pods-MotoShare/Pods-MotoShare.release.xcconfig"; sourceTree = "<group>"; };
		4BCAA0436859B5372895A100 /* Pods-FoodRecipe.debug.xcconfig */ = {isa = PBXFileReference; includeInIndex = 1; lastKnownFileType = text.xcconfig; name = "Pods-FoodRecipe.debug.xcconfig"; path = "Target Support Files/Pods-FoodRecipe/Pods-FoodRecipe.debug.xcconfig"; sourceTree = "<group>"; };
		58E610E719334776F82825DC /* Pods-MotoShare.debug.xcconfig */ = {isa = PBXFileReference; includeInIndex = 1; lastKnownFileType = text.xcconfig; name = "Pods-MotoShare.debug.xcconfig"; path = "Target Support Files/Pods-MotoShare/Pods-MotoShare.debug.xcconfig"; sourceTree = "<group>"; };
		84D0AFB163E213BB2C654492 /* Pods-FoodRecipe.release.xcconfig */ = {isa = PBXFileReference; includeInIndex = 1; lastKnownFileType = text.xcconfig; name = "Pods-FoodRecipe.release.xcconfig"; path = "Target Support Files/Pods-FoodRecipe/Pods-FoodRecipe.release.xcconfig"; sourceTree = "<group>"; };
		D7AF4CE02367D84B009957D4 /* 摩滴共享.app */ = {isa = PBXFileReference; explicitFileType = wrapper.application; includeInIndex = 0; path = "摩滴共享.app"; sourceTree = BUILT_PRODUCTS_DIR; };
		D7AF4CE32367D84B009957D4 /* AppDelegate.swift */ = {isa = PBXFileReference; lastKnownFileType = sourcecode.swift; path = AppDelegate.swift; sourceTree = "<group>"; };
		D7AF4CEC2367D84D009957D4 /* Assets.xcassets */ = {isa = PBXFileReference; lastKnownFileType = folder.assetcatalog; path = Assets.xcassets; sourceTree = "<group>"; };
		D7AF4CF12367D84D009957D4 /* Info.plist */ = {isa = PBXFileReference; lastKnownFileType = text.plist.xml; path = Info.plist; sourceTree = "<group>"; };
		D7AF4D002367D91B009957D4 /* HomeViewController.swift */ = {isa = PBXFileReference; lastKnownFileType = sourcecode.swift; path = HomeViewController.swift; sourceTree = "<group>"; };
		D7AF4D022367D928009957D4 /* RentViewController.swift */ = {isa = PBXFileReference; lastKnownFileType = sourcecode.swift; path = RentViewController.swift; sourceTree = "<group>"; };
		D7AF4D042367D934009957D4 /* AddViewController.swift */ = {isa = PBXFileReference; lastKnownFileType = sourcecode.swift; path = AddViewController.swift; sourceTree = "<group>"; };
		D7AF4D062367D93E009957D4 /* TravelViewController.swift */ = {isa = PBXFileReference; lastKnownFileType = sourcecode.swift; path = TravelViewController.swift; sourceTree = "<group>"; };
		D7AF4D082367D94A009957D4 /* MeViewController.swift */ = {isa = PBXFileReference; lastKnownFileType = sourcecode.swift; path = MeViewController.swift; sourceTree = "<group>"; };
		D7AF4D0B2367D981009957D4 /* LaunchScreen.storyboard */ = {isa = PBXFileReference; lastKnownFileType = file.storyboard; path = LaunchScreen.storyboard; sourceTree = "<group>"; };
		D7AF4D142367D9D7009957D4 /* BaseTabBarController.swift */ = {isa = PBXFileReference; fileEncoding = 4; lastKnownFileType = sourcecode.swift; path = BaseTabBarController.swift; sourceTree = "<group>"; };
		D7AF4D152367D9D7009957D4 /* BaseViewController.swift */ = {isa = PBXFileReference; fileEncoding = 4; lastKnownFileType = sourcecode.swift; path = BaseViewController.swift; sourceTree = "<group>"; };
		D7AF4D162367D9D7009957D4 /* BaseTableView.swift */ = {isa = PBXFileReference; fileEncoding = 4; lastKnownFileType = sourcecode.swift; path = BaseTableView.swift; sourceTree = "<group>"; };
		D7AF4D172367D9D7009957D4 /* BaseNavigationController.swift */ = {isa = PBXFileReference; fileEncoding = 4; lastKnownFileType = sourcecode.swift; path = BaseNavigationController.swift; sourceTree = "<group>"; };
		D7AF4D182367D9D7009957D4 /* BaseView.swift */ = {isa = PBXFileReference; fileEncoding = 4; lastKnownFileType = sourcecode.swift; path = BaseView.swift; sourceTree = "<group>"; };
		D7AF4D1A2367D9D7009957D4 /* UrlExtention.swift */ = {isa = PBXFileReference; fileEncoding = 4; lastKnownFileType = sourcecode.swift; path = UrlExtention.swift; sourceTree = "<group>"; };
		D7AF4D1B2367D9D7009957D4 /* UIViewIndicatorView.swift */ = {isa = PBXFileReference; fileEncoding = 4; lastKnownFileType = sourcecode.swift; path = UIViewIndicatorView.swift; sourceTree = "<group>"; };
		D7AF4D1C2367D9D7009957D4 /* UIColorDarkMode.swift */ = {isa = PBXFileReference; fileEncoding = 4; lastKnownFileType = sourcecode.swift; path = UIColorDarkMode.swift; sourceTree = "<group>"; };
		D7AF4D1D2367D9D7009957D4 /* GLAppInfo.swift */ = {isa = PBXFileReference; fileEncoding = 4; lastKnownFileType = sourcecode.swift; path = GLAppInfo.swift; sourceTree = "<group>"; };
		D7AF4D1E2367D9D7009957D4 /* UIViewControllerExtension.swift */ = {isa = PBXFileReference; fileEncoding = 4; lastKnownFileType = sourcecode.swift; path = UIViewControllerExtension.swift; sourceTree = "<group>"; };
		D7AF4D1F2367D9D7009957D4 /* ClassName.swift */ = {isa = PBXFileReference; fileEncoding = 4; lastKnownFileType = sourcecode.swift; path = ClassName.swift; sourceTree = "<group>"; };
		D7AF4D202367D9D7009957D4 /* StringExtension.swift */ = {isa = PBXFileReference; fileEncoding = 4; lastKnownFileType = sourcecode.swift; path = StringExtension.swift; sourceTree = "<group>"; };
		D7AF4D212367D9D7009957D4 /* TabbarBadge.swift */ = {isa = PBXFileReference; fileEncoding = 4; lastKnownFileType = sourcecode.swift; path = TabbarBadge.swift; sourceTree = "<group>"; };
		D7AF4D222367D9D7009957D4 /* UIViewHUDExtension.swift */ = {isa = PBXFileReference; fileEncoding = 4; lastKnownFileType = sourcecode.swift; path = UIViewHUDExtension.swift; sourceTree = "<group>"; };
		D7AF4D242367D9D7009957D4 /* Constants.swift */ = {isa = PBXFileReference; fileEncoding = 4; lastKnownFileType = sourcecode.swift; path = Constants.swift; sourceTree = "<group>"; };
		D7AF4D252367D9D7009957D4 /* ConfigMacro.swift */ = {isa = PBXFileReference; fileEncoding = 4; lastKnownFileType = sourcecode.swift; path = ConfigMacro.swift; sourceTree = "<group>"; };
		D7AF4D262367D9D7009957D4 /* Header.swift */ = {isa = PBXFileReference; fileEncoding = 4; lastKnownFileType = sourcecode.swift; path = Header.swift; sourceTree = "<group>"; };
		D7AF4D3D2367DA3B009957D4 /* Picture.xcassets */ = {isa = PBXFileReference; lastKnownFileType = folder.assetcatalog; path = Picture.xcassets; sourceTree = "<group>"; };
		D7AF4D3F2367DC27009957D4 /* MainViewController.swift */ = {isa = PBXFileReference; fileEncoding = 4; lastKnownFileType = sourcecode.swift; path = MainViewController.swift; sourceTree = "<group>"; };
		D7AF4D4723683641009957D4 /* TableViewCellReusable.swift */ = {isa = PBXFileReference; fileEncoding = 4; lastKnownFileType = sourcecode.swift; path = TableViewCellReusable.swift; sourceTree = "<group>"; };
		D7AF4D4923684429009957D4 /* Delegate.swift */ = {isa = PBXFileReference; lastKnownFileType = sourcecode.swift; path = Delegate.swift; sourceTree = "<group>"; };
		D7AF4D5E23699B39009957D4 /* UiButtonExtension.swift */ = {isa = PBXFileReference; lastKnownFileType = sourcecode.swift; path = UiButtonExtension.swift; sourceTree = "<group>"; };
		D7AF4D67236BD857009957D4 /* UIViewExtension.swift */ = {isa = PBXFileReference; lastKnownFileType = sourcecode.swift; path = UIViewExtension.swift; sourceTree = "<group>"; };
		D7B43B53237A4A7B0035755F /* LoginViewController.swift */ = {isa = PBXFileReference; lastKnownFileType = sourcecode.swift; path = LoginViewController.swift; sourceTree = "<group>"; };
		D7B43B56237A9F490035755F /* HomeNavView.swift */ = {isa = PBXFileReference; lastKnownFileType = sourcecode.swift; path = HomeNavView.swift; sourceTree = "<group>"; };
		D7B43B58237AB4120035755F /* HomeBannerView.swift */ = {isa = PBXFileReference; lastKnownFileType = sourcecode.swift; path = HomeBannerView.swift; sourceTree = "<group>"; };
		D7B43B5A237AB4380035755F /* HomeMainView.swift */ = {isa = PBXFileReference; lastKnownFileType = sourcecode.swift; path = HomeMainView.swift; sourceTree = "<group>"; };
		D7B43B5C237AB7B80035755F /* BannerCollectionViewCell.swift */ = {isa = PBXFileReference; lastKnownFileType = sourcecode.swift; path = BannerCollectionViewCell.swift; sourceTree = "<group>"; };
		D7B43B5E237ADA630035755F /* TViewController.swift */ = {isa = PBXFileReference; lastKnownFileType = sourcecode.swift; path = TViewController.swift; sourceTree = "<group>"; };
/* End PBXFileReference section */

/* Begin PBXFrameworksBuildPhase section */
		D7AF4CDD2367D84B009957D4 /* Frameworks */ = {
			isa = PBXFrameworksBuildPhase;
			buildActionMask = 2147483647;
			files = (
				947506F1842C6E97CF08E5F3 /* Pods_MotoShare.framework in Frameworks */,
			);
			runOnlyForDeploymentPostprocessing = 0;
		};
/* End PBXFrameworksBuildPhase section */

/* Begin PBXGroup section */
		1C89E1F2B0D5CE86D7A36225 /* Frameworks */ = {
			isa = PBXGroup;
			children = (
				1A3051476B1329CCA0ED583C /* Pods_MotoShare.framework */,
			);
			name = Frameworks;
			sourceTree = "<group>";
		};
		D7AF4CD72367D84B009957D4 = {
			isa = PBXGroup;
			children = (
				D7AF4CE22367D84B009957D4 /* MotoShare */,
				D7AF4CE12367D84B009957D4 /* Products */,
				F4F28101DE451A85297BFD3E /* Pods */,
				1C89E1F2B0D5CE86D7A36225 /* Frameworks */,
			);
			sourceTree = "<group>";
		};
		D7AF4CE12367D84B009957D4 /* Products */ = {
			isa = PBXGroup;
			children = (
				D7AF4CE02367D84B009957D4 /* 摩滴共享.app */,
			);
			name = Products;
			sourceTree = "<group>";
		};
		D7AF4CE22367D84B009957D4 /* MotoShare */ = {
			isa = PBXGroup;
			children = (
				D7AF4D132367D9D7009957D4 /* BaseClass */,
				D7AF4D192367D9D7009957D4 /* Extension */,
				D7AF4D232367D9D7009957D4 /* Macro */,
				D7AF4D0A2367D96B009957D4 /* Module */,
				D7AF4CF82367D88E009957D4 /* Other */,
				D7AF4CF72367D86F009957D4 /* Main */,
			);
			path = MotoShare;
			sourceTree = "<group>";
		};
		D7AF4CF72367D86F009957D4 /* Main */ = {
			isa = PBXGroup;
			children = (
				D7AF4CE32367D84B009957D4 /* AppDelegate.swift */,
				D7AF4D3F2367DC27009957D4 /* MainViewController.swift */,
			);
			path = Main;
			sourceTree = "<group>";
		};
		D7AF4CF82367D88E009957D4 /* Other */ = {
			isa = PBXGroup;
			children = (
				D7AF4D0B2367D981009957D4 /* LaunchScreen.storyboard */,
				D7AF4CEC2367D84D009957D4 /* Assets.xcassets */,
				D7AF4D3D2367DA3B009957D4 /* Picture.xcassets */,
				D7AF4CF12367D84D009957D4 /* Info.plist */,
			);
			path = Other;
			sourceTree = "<group>";
		};
		D7AF4CF92367D89A009957D4 /* Home */ = {
			isa = PBXGroup;
			children = (
				D7AF4D002367D91B009957D4 /* HomeViewController.swift */,
				D7B43B5E237ADA630035755F /* TViewController.swift */,
				D7B43B55237A9F330035755F /* View */,
			);
			path = Home;
			sourceTree = "<group>";
		};
		D7AF4CFA2367D8C0009957D4 /* Rent */ = {
			isa = PBXGroup;
			children = (
				D7BFBCB2236FD0D700220CC5 /* View */,
			);
			path = Rent;
			sourceTree = "<group>";
		};
		D7AF4CFB2367D8D4009957D4 /* Add */ = {
			isa = PBXGroup;
			children = (
				D7AF4D042367D934009957D4 /* AddViewController.swift */,
			);
			path = Add;
			sourceTree = "<group>";
		};
		D7AF4CFC2367D8DA009957D4 /* Travel */ = {
			isa = PBXGroup;
			children = (
				D7AF4D062367D93E009957D4 /* TravelViewController.swift */,
			);
			path = Travel;
			sourceTree = "<group>";
		};
		D7AF4CFD2367D8E3009957D4 /* Me */ = {
			isa = PBXGroup;
			children = (
				D7AF4D082367D94A009957D4 /* MeViewController.swift */,
			);
			path = Me;
			sourceTree = "<group>";
		};
		D7AF4D0A2367D96B009957D4 /* Module */ = {
			isa = PBXGroup;
			children = (
				D7B43B52237A4A5D0035755F /* Login */,
				D7AF4CFD2367D8E3009957D4 /* Me */,
				D7AF4CFC2367D8DA009957D4 /* Travel */,
				D7AF4CFB2367D8D4009957D4 /* Add */,
				D7AF4CFA2367D8C0009957D4 /* Rent */,
				D7AF4CF92367D89A009957D4 /* Home */,
			);
			path = Module;
			sourceTree = "<group>";
		};
		D7AF4D132367D9D7009957D4 /* BaseClass */ = {
			isa = PBXGroup;
			children = (
				D7AF4D142367D9D7009957D4 /* BaseTabBarController.swift */,
				D7AF4D152367D9D7009957D4 /* BaseViewController.swift */,
				D7AF4D162367D9D7009957D4 /* BaseTableView.swift */,
				D7AF4D172367D9D7009957D4 /* BaseNavigationController.swift */,
				D7AF4D182367D9D7009957D4 /* BaseView.swift */,
			);
			path = BaseClass;
			sourceTree = "<group>";
		};
		D7AF4D192367D9D7009957D4 /* Extension */ = {
			isa = PBXGroup;
			children = (
				D7AF4D1A2367D9D7009957D4 /* UrlExtention.swift */,
				D7AF4D1B2367D9D7009957D4 /* UIViewIndicatorView.swift */,
				D7AF4D1C2367D9D7009957D4 /* UIColorDarkMode.swift */,
				D7AF4D1D2367D9D7009957D4 /* GLAppInfo.swift */,
				D7AF4D1E2367D9D7009957D4 /* UIViewControllerExtension.swift */,
				D7AF4D1F2367D9D7009957D4 /* ClassName.swift */,
				D7AF4D202367D9D7009957D4 /* StringExtension.swift */,
				D7AF4D212367D9D7009957D4 /* TabbarBadge.swift */,
				D7AF4D4723683641009957D4 /* TableViewCellReusable.swift */,
				D7AF4D222367D9D7009957D4 /* UIViewHUDExtension.swift */,
				D7AF4D5E23699B39009957D4 /* UiButtonExtension.swift */,
				D7AF4D67236BD857009957D4 /* UIViewExtension.swift */,
			);
			path = Extension;
			sourceTree = "<group>";
		};
		D7AF4D232367D9D7009957D4 /* Macro */ = {
			isa = PBXGroup;
			children = (
				D7AF4D242367D9D7009957D4 /* Constants.swift */,
				D7AF4D4923684429009957D4 /* Delegate.swift */,
				D7AF4D252367D9D7009957D4 /* ConfigMacro.swift */,
				D7AF4D262367D9D7009957D4 /* Header.swift */,
			);
			path = Macro;
			sourceTree = "<group>";
		};
		D7B43B52237A4A5D0035755F /* Login */ = {
			isa = PBXGroup;
			children = (
				D7B43B53237A4A7B0035755F /* LoginViewController.swift */,
			);
			name = Login;
			sourceTree = "<group>";
		};
		D7B43B55237A9F330035755F /* View */ = {
			isa = PBXGroup;
			children = (
				D7B43B56237A9F490035755F /* HomeNavView.swift */,
				D7B43B5A237AB4380035755F /* HomeMainView.swift */,
				D7B43B58237AB4120035755F /* HomeBannerView.swift */,
				D7B43B5C237AB7B80035755F /* BannerCollectionViewCell.swift */,
			);
			path = View;
			sourceTree = "<group>";
		};
		D7BFBCB2236FD0D700220CC5 /* View */ = {
			isa = PBXGroup;
			children = (
				D7AF4D022367D928009957D4 /* RentViewController.swift */,
			);
			path = View;
			sourceTree = "<group>";
		};
		F4F28101DE451A85297BFD3E /* Pods */ = {
			isa = PBXGroup;
			children = (
				4BCAA0436859B5372895A100 /* Pods-FoodRecipe.debug.xcconfig */,
				84D0AFB163E213BB2C654492 /* Pods-FoodRecipe.release.xcconfig */,
				58E610E719334776F82825DC /* Pods-MotoShare.debug.xcconfig */,
				215459550287FA041196F067 /* Pods-MotoShare.release.xcconfig */,
			);
			path = Pods;
			sourceTree = "<group>";
		};
/* End PBXGroup section */

/* Begin PBXNativeTarget section */
		D7AF4CDF2367D84B009957D4 /* MotoShare */ = {
			isa = PBXNativeTarget;
			buildConfigurationList = D7AF4CF42367D84D009957D4 /* Build configuration list for PBXNativeTarget "MotoShare" */;
			buildPhases = (
				C642DB92AA8C5A8E58AAAC82 /* [CP] Check Pods Manifest.lock */,
				D7AF4CDC2367D84B009957D4 /* Sources */,
				D7AF4CDD2367D84B009957D4 /* Frameworks */,
				D7AF4CDE2367D84B009957D4 /* Resources */,
				0BE2F3365842C509EF3487EB /* [CP] Embed Pods Frameworks */,
			);
			buildRules = (
			);
			dependencies = (
			);
			name = MotoShare;
			productName = FoodRecipe;
			productReference = D7AF4CE02367D84B009957D4 /* 摩滴共享.app */;
			productType = "com.apple.product-type.application";
		};
/* End PBXNativeTarget section */

/* Begin PBXProject section */
		D7AF4CD82367D84B009957D4 /* Project object */ = {
			isa = PBXProject;
			attributes = {
				LastSwiftUpdateCheck = 1110;
				LastUpgradeCheck = 1110;
				ORGANIZATIONNAME = Bingo;
				TargetAttributes = {
					D7AF4CDF2367D84B009957D4 = {
						CreatedOnToolsVersion = 11.1;
					};
				};
			};
			buildConfigurationList = D7AF4CDB2367D84B009957D4 /* Build configuration list for PBXProject "MotoShare" */;
			compatibilityVersion = "Xcode 9.3";
			developmentRegion = en;
			hasScannedForEncodings = 0;
			knownRegions = (
				en,
				Base,
			);
			mainGroup = D7AF4CD72367D84B009957D4;
			productRefGroup = D7AF4CE12367D84B009957D4 /* Products */;
			projectDirPath = "";
			projectRoot = "";
			targets = (
				D7AF4CDF2367D84B009957D4 /* MotoShare */,
			);
		};
/* End PBXProject section */

/* Begin PBXResourcesBuildPhase section */
		D7AF4CDE2367D84B009957D4 /* Resources */ = {
			isa = PBXResourcesBuildPhase;
			buildActionMask = 2147483647;
			files = (
				D7AF4D3E2367DA3B009957D4 /* Picture.xcassets in Resources */,
				D7AF4D0C2367D981009957D4 /* LaunchScreen.storyboard in Resources */,
				D7AF4CED2367D84D009957D4 /* Assets.xcassets in Resources */,
			);
			runOnlyForDeploymentPostprocessing = 0;
		};
/* End PBXResourcesBuildPhase section */

/* Begin PBXShellScriptBuildPhase section */
		0BE2F3365842C509EF3487EB /* [CP] Embed Pods Frameworks */ = {
			isa = PBXShellScriptBuildPhase;
			buildActionMask = 2147483647;
			files = (
			);
			inputFileListPaths = (
				"${PODS_ROOT}/Target Support Files/Pods-MotoShare/Pods-MotoShare-frameworks-${CONFIGURATION}-input-files.xcfilelist",
			);
			name = "[CP] Embed Pods Frameworks";
			outputFileListPaths = (
				"${PODS_ROOT}/Target Support Files/Pods-MotoShare/Pods-MotoShare-frameworks-${CONFIGURATION}-output-files.xcfilelist",
			);
			runOnlyForDeploymentPostprocessing = 0;
			shellPath = /bin/sh;
			shellScript = "\"${PODS_ROOT}/Target Support Files/Pods-MotoShare/Pods-MotoShare-frameworks.sh\"\n";
			showEnvVarsInLog = 0;
		};
		C642DB92AA8C5A8E58AAAC82 /* [CP] Check Pods Manifest.lock */ = {
			isa = PBXShellScriptBuildPhase;
			buildActionMask = 2147483647;
			files = (
			);
			inputFileListPaths = (
			);
			inputPaths = (
				"${PODS_PODFILE_DIR_PATH}/Podfile.lock",
				"${PODS_ROOT}/Manifest.lock",
			);
			name = "[CP] Check Pods Manifest.lock";
			outputFileListPaths = (
			);
			outputPaths = (
				"$(DERIVED_FILE_DIR)/Pods-MotoShare-checkManifestLockResult.txt",
			);
			runOnlyForDeploymentPostprocessing = 0;
			shellPath = /bin/sh;
			shellScript = "diff \"${PODS_PODFILE_DIR_PATH}/Podfile.lock\" \"${PODS_ROOT}/Manifest.lock\" > /dev/null\nif [ $? != 0 ] ; then\n    # print error to STDERR\n    echo \"error: The sandbox is not in sync with the Podfile.lock. Run 'pod install' or update your CocoaPods installation.\" >&2\n    exit 1\nfi\n# This output is used by Xcode 'outputs' to avoid re-running this script phase.\necho \"SUCCESS\" > \"${SCRIPT_OUTPUT_FILE_0}\"\n";
			showEnvVarsInLog = 0;
		};
/* End PBXShellScriptBuildPhase section */

/* Begin PBXSourcesBuildPhase section */
		D7AF4CDC2367D84B009957D4 /* Sources */ = {
			isa = PBXSourcesBuildPhase;
			buildActionMask = 2147483647;
			files = (
				D7AF4D332367D9D7009957D4 /* UIColorDarkMode.swift in Sources */,
				D7AF4D2C2367D9D7009957D4 /* BaseTabBarController.swift in Sources */,
				D7AF4D322367D9D7009957D4 /* UIViewIndicatorView.swift in Sources */,
				D7AF4D032367D928009957D4 /* RentViewController.swift in Sources */,
				D7AF4D092367D94A009957D4 /* MeViewController.swift in Sources */,
				D7AF4D68236BD857009957D4 /* UIViewExtension.swift in Sources */,
				D7AF4D052367D934009957D4 /* AddViewController.swift in Sources */,
				D7AF4D3B2367D9D7009957D4 /* ConfigMacro.swift in Sources */,
				D7AF4D372367D9D7009957D4 /* StringExtension.swift in Sources */,
				D7AF4D352367D9D7009957D4 /* UIViewControllerExtension.swift in Sources */,
				D7AF4D402367DC27009957D4 /* MainViewController.swift in Sources */,
				D7B43B59237AB4120035755F /* HomeBannerView.swift in Sources */,
				D7AF4D3C2367D9D7009957D4 /* Header.swift in Sources */,
				D7AF4D382367D9D7009957D4 /* TabbarBadge.swift in Sources */,
				D7B43B5F237ADA630035755F /* TViewController.swift in Sources */,
				D7AF4D2D2367D9D7009957D4 /* BaseViewController.swift in Sources */,
				D7B43B5D237AB7B80035755F /* BannerCollectionViewCell.swift in Sources */,
				D7AF4D3A2367D9D7009957D4 /* Constants.swift in Sources */,
				D7AF4CE42367D84B009957D4 /* AppDelegate.swift in Sources */,
				D7AF4D4A23684429009957D4 /* Delegate.swift in Sources */,
				D7B43B57237A9F490035755F /* HomeNavView.swift in Sources */,
				D7B43B54237A4A7B0035755F /* LoginViewController.swift in Sources */,
				D7AF4D012367D91B009957D4 /* HomeViewController.swift in Sources */,
				D7AF4D2E2367D9D7009957D4 /* BaseTableView.swift in Sources */,
				D7AF4D312367D9D7009957D4 /* UrlExtention.swift in Sources */,
				D7AF4D392367D9D7009957D4 /* UIViewHUDExtension.swift in Sources */,
				D7AF4D362367D9D7009957D4 /* ClassName.swift in Sources */,
				D7AF4D342367D9D7009957D4 /* GLAppInfo.swift in Sources */,
				D7B43B5B237AB4380035755F /* HomeMainView.swift in Sources */,
				D7AF4D2F2367D9D7009957D4 /* BaseNavigationController.swift in Sources */,
				D7AF4D302367D9D7009957D4 /* BaseView.swift in Sources */,
				D7AF4D4823683641009957D4 /* TableViewCellReusable.swift in Sources */,
				D7AF4D5F23699B39009957D4 /* UiButtonExtension.swift in Sources */,
				D7AF4D072367D93E009957D4 /* TravelViewController.swift in Sources */,
			);
			runOnlyForDeploymentPostprocessing = 0;
		};
/* End PBXSourcesBuildPhase section */

/* Begin XCBuildConfiguration section */
		D7AF4CF22367D84D009957D4 /* Debug */ = {
			isa = XCBuildConfiguration;
			buildSettings = {
				ALWAYS_SEARCH_USER_PATHS = NO;
				CLANG_ANALYZER_NONNULL = YES;
				CLANG_ANALYZER_NUMBER_OBJECT_CONVERSION = YES_AGGRESSIVE;
				CLANG_CXX_LANGUAGE_STANDARD = "gnu++14";
				CLANG_CXX_LIBRARY = "libc++";
				CLANG_ENABLE_MODULES = YES;
				CLANG_ENABLE_OBJC_ARC = YES;
				CLANG_ENABLE_OBJC_WEAK = YES;
				CLANG_WARN_BLOCK_CAPTURE_AUTORELEASING = YES;
				CLANG_WARN_BOOL_CONVERSION = YES;
				CLANG_WARN_COMMA = YES;
				CLANG_WARN_CONSTANT_CONVERSION = YES;
				CLANG_WARN_DEPRECATED_OBJC_IMPLEMENTATIONS = YES;
				CLANG_WARN_DIRECT_OBJC_ISA_USAGE = YES_ERROR;
				CLANG_WARN_DOCUMENTATION_COMMENTS = YES;
				CLANG_WARN_EMPTY_BODY = YES;
				CLANG_WARN_ENUM_CONVERSION = YES;
				CLANG_WARN_INFINITE_RECURSION = YES;
				CLANG_WARN_INT_CONVERSION = YES;
				CLANG_WARN_NON_LITERAL_NULL_CONVERSION = YES;
				CLANG_WARN_OBJC_IMPLICIT_RETAIN_SELF = YES;
				CLANG_WARN_OBJC_LITERAL_CONVERSION = YES;
				CLANG_WARN_OBJC_ROOT_CLASS = YES_ERROR;
				CLANG_WARN_RANGE_LOOP_ANALYSIS = YES;
				CLANG_WARN_STRICT_PROTOTYPES = YES;
				CLANG_WARN_SUSPICIOUS_MOVE = YES;
				CLANG_WARN_UNGUARDED_AVAILABILITY = YES_AGGRESSIVE;
				CLANG_WARN_UNREACHABLE_CODE = YES;
				CLANG_WARN__DUPLICATE_METHOD_MATCH = YES;
				COPY_PHASE_STRIP = NO;
				DEBUG_INFORMATION_FORMAT = dwarf;
				ENABLE_STRICT_OBJC_MSGSEND = YES;
				ENABLE_TESTABILITY = YES;
				GCC_C_LANGUAGE_STANDARD = gnu11;
				GCC_DYNAMIC_NO_PIC = NO;
				GCC_NO_COMMON_BLOCKS = YES;
				GCC_OPTIMIZATION_LEVEL = 0;
				GCC_PREPROCESSOR_DEFINITIONS = (
					"DEBUG=1",
					"$(inherited)",
				);
				GCC_WARN_64_TO_32_BIT_CONVERSION = YES;
				GCC_WARN_ABOUT_RETURN_TYPE = YES_ERROR;
				GCC_WARN_UNDECLARED_SELECTOR = YES;
				GCC_WARN_UNINITIALIZED_AUTOS = YES_AGGRESSIVE;
				GCC_WARN_UNUSED_FUNCTION = YES;
				GCC_WARN_UNUSED_VARIABLE = YES;
				IPHONEOS_DEPLOYMENT_TARGET = 13.1;
				MTL_ENABLE_DEBUG_INFO = INCLUDE_SOURCE;
				MTL_FAST_MATH = YES;
				ONLY_ACTIVE_ARCH = YES;
				SDKROOT = iphoneos;
				SWIFT_ACTIVE_COMPILATION_CONDITIONS = DEBUG;
				SWIFT_OPTIMIZATION_LEVEL = "-Onone";
			};
			name = Debug;
		};
		D7AF4CF32367D84D009957D4 /* Release */ = {
			isa = XCBuildConfiguration;
			buildSettings = {
				ALWAYS_SEARCH_USER_PATHS = NO;
				CLANG_ANALYZER_NONNULL = YES;
				CLANG_ANALYZER_NUMBER_OBJECT_CONVERSION = YES_AGGRESSIVE;
				CLANG_CXX_LANGUAGE_STANDARD = "gnu++14";
				CLANG_CXX_LIBRARY = "libc++";
				CLANG_ENABLE_MODULES = YES;
				CLANG_ENABLE_OBJC_ARC = YES;
				CLANG_ENABLE_OBJC_WEAK = YES;
				CLANG_WARN_BLOCK_CAPTURE_AUTORELEASING = YES;
				CLANG_WARN_BOOL_CONVERSION = YES;
				CLANG_WARN_COMMA = YES;
				CLANG_WARN_CONSTANT_CONVERSION = YES;
				CLANG_WARN_DEPRECATED_OBJC_IMPLEMENTATIONS = YES;
				CLANG_WARN_DIRECT_OBJC_ISA_USAGE = YES_ERROR;
				CLANG_WARN_DOCUMENTATION_COMMENTS = YES;
				CLANG_WARN_EMPTY_BODY = YES;
				CLANG_WARN_ENUM_CONVERSION = YES;
				CLANG_WARN_INFINITE_RECURSION = YES;
				CLANG_WARN_INT_CONVERSION = YES;
				CLANG_WARN_NON_LITERAL_NULL_CONVERSION = YES;
				CLANG_WARN_OBJC_IMPLICIT_RETAIN_SELF = YES;
				CLANG_WARN_OBJC_LITERAL_CONVERSION = YES;
				CLANG_WARN_OBJC_ROOT_CLASS = YES_ERROR;
				CLANG_WARN_RANGE_LOOP_ANALYSIS = YES;
				CLANG_WARN_STRICT_PROTOTYPES = YES;
				CLANG_WARN_SUSPICIOUS_MOVE = YES;
				CLANG_WARN_UNGUARDED_AVAILABILITY = YES_AGGRESSIVE;
				CLANG_WARN_UNREACHABLE_CODE = YES;
				CLANG_WARN__DUPLICATE_METHOD_MATCH = YES;
				COPY_PHASE_STRIP = NO;
				DEBUG_INFORMATION_FORMAT = "dwarf-with-dsym";
				ENABLE_NS_ASSERTIONS = NO;
				ENABLE_STRICT_OBJC_MSGSEND = YES;
				GCC_C_LANGUAGE_STANDARD = gnu11;
				GCC_NO_COMMON_BLOCKS = YES;
				GCC_WARN_64_TO_32_BIT_CONVERSION = YES;
				GCC_WARN_ABOUT_RETURN_TYPE = YES_ERROR;
				GCC_WARN_UNDECLARED_SELECTOR = YES;
				GCC_WARN_UNINITIALIZED_AUTOS = YES_AGGRESSIVE;
				GCC_WARN_UNUSED_FUNCTION = YES;
				GCC_WARN_UNUSED_VARIABLE = YES;
				IPHONEOS_DEPLOYMENT_TARGET = 13.1;
				MTL_ENABLE_DEBUG_INFO = NO;
				MTL_FAST_MATH = YES;
				SDKROOT = iphoneos;
				SWIFT_COMPILATION_MODE = wholemodule;
				SWIFT_OPTIMIZATION_LEVEL = "-O";
				VALIDATE_PRODUCT = YES;
			};
			name = Release;
		};
		D7AF4CF52367D84D009957D4 /* Debug */ = {
			isa = XCBuildConfiguration;
			baseConfigurationReference = 58E610E719334776F82825DC /* Pods-MotoShare.debug.xcconfig */;
			buildSettings = {
				ASSETCATALOG_COMPILER_APPICON_NAME = AppIcon;
				CODE_SIGN_STYLE = Automatic;
				CURRENT_PROJECT_VERSION = 1;
				DEVELOPMENT_TEAM = 2CN75D8736;
				INFOPLIST_FILE = "$(SRCROOT)/MotoShare/Other/Info.plist";
				IPHONEOS_DEPLOYMENT_TARGET = 10.0;
				LD_RUNPATH_SEARCH_PATHS = (
					"$(inherited)",
					"@executable_path/Frameworks",
				);
				MARKETING_VERSION = 1;
				PRODUCT_BUNDLE_IDENTIFIER = com.motoshare.moto;
				PRODUCT_NAME = "摩滴共享";
				SWIFT_VERSION = 5.0;
				TARGETED_DEVICE_FAMILY = 1;
			};
			name = Debug;
		};
		D7AF4CF62367D84D009957D4 /* Release */ = {
			isa = XCBuildConfiguration;
			baseConfigurationReference = 215459550287FA041196F067 /* Pods-MotoShare.release.xcconfig */;
			buildSettings = {
				ASSETCATALOG_COMPILER_APPICON_NAME = AppIcon;
				CODE_SIGN_STYLE = Automatic;
				CURRENT_PROJECT_VERSION = 1;
				DEVELOPMENT_TEAM = 2CN75D8736;
				INFOPLIST_FILE = "$(SRCROOT)/MotoShare/Other/Info.plist";
				IPHONEOS_DEPLOYMENT_TARGET = 10.0;
				LD_RUNPATH_SEARCH_PATHS = (
					"$(inherited)",
					"@executable_path/Frameworks",
				);
				MARKETING_VERSION = 1;
				PRODUCT_BUNDLE_IDENTIFIER = com.motoshare.moto;
				PRODUCT_NAME = "摩滴共享";
				SWIFT_VERSION = 5.0;
				TARGETED_DEVICE_FAMILY = 1;
			};
			name = Release;
		};
/* End XCBuildConfiguration section */

/* Begin XCConfigurationList section */
		D7AF4CDB2367D84B009957D4 /* Build configuration list for PBXProject "MotoShare" */ = {
			isa = XCConfigurationList;
			buildConfigurations = (
				D7AF4CF22367D84D009957D4 /* Debug */,
				D7AF4CF32367D84D009957D4 /* Release */,
			);
			defaultConfigurationIsVisible = 0;
			defaultConfigurationName = Release;
		};
		D7AF4CF42367D84D009957D4 /* Build configuration list for PBXNativeTarget "MotoShare" */ = {
			isa = XCConfigurationList;
			buildConfigurations = (
				D7AF4CF52367D84D009957D4 /* Debug */,
				D7AF4CF62367D84D009957D4 /* Release */,
			);
			defaultConfigurationIsVisible = 0;
			defaultConfigurationName = Release;
		};
/* End XCConfigurationList section */
	};
	rootObject = D7AF4CD82367D84B009957D4 /* Project object */;
}
